{
    "version": 3,
    "terraform_version": "0.11.8",
    "serial": 21,
    "lineage": "07528e21-04e2-6968-cf48-b8fbadb735a2",
    "modules": [
        {
            "path": [
                "root"
            ],
            "outputs": {
                "gold-algo-address": {
                    "sensitive": false,
                    "type": "string",
                    "value": "172.104.179.236"
                }
            },
            "resources": {},
            "depends_on": []
        },
        {
            "path": [
                "root",
                "blue-algo"
            ],
            "outputs": {},
            "resources": {
                "data.template_file.config": {
                    "type": "template_file",
                    "depends_on": [],
                    "primary": {
                        "id": "16c7fab09b9dab7052827efec7be06dbd8a4102447ad4fc757bbe7c8be3f601c",
                        "attributes": {
                            "id": "16c7fab09b9dab7052827efec7be06dbd8a4102447ad4fc757bbe7c8be3f601c",
                            "rendered": "---\nusers: [\"alfa\",\"bravo\"]\n\nkeys_clean_all: False\n\nvpn_network: 10.19.48.0/24\nvpn_network_ipv6: 'fd9d:bc11:4020::/48'\n\nwireguard_enabled: true\nwireguard_port: 51820\n\nstrongswan_log_level: 2\n\ndns_encryption: true\ndnscrypt_servers:\n  ipv4:\n    - cloudflare\n  ipv6:\n    - cloudflare-ipv6\nlocal_service_ip: 172.16.0.1\n\nunattended_reboot:\n  enabled: false\n  time: 06:00\n\npkcs12_PayloadCertificateUUID: \"{{ 900000 | random | to_uuid | upper }}\"\nVPN_PayloadIdentifier: \"{{ 800000 | random | to_uuid | upper }}\"\nCA_PayloadIdentifier: \"{{ 700000 | random | to_uuid | upper }}\"\n\nBetweenClients_DROP: true\n\ncongrats:\n  common: \"# Algo setup complete\"\n  p12_pass: \"# User cert passphrase written to local disk\"\n\nSSH_keys:\n  comment: algo@ssh\n  private: configs/algo.pem\n  public: configs/algo.pem.pub\n\ncloud_providers:\n  local:\n\nfail_hint:\n  - Sorry, but something went wrong!\n\nbooleans_map:\n  Y: true\n  y: true\n",
                            "template": "---\nusers: ${userlist}\n\nkeys_clean_all: False\n\nvpn_network: 10.19.48.0/24\nvpn_network_ipv6: 'fd9d:bc11:4020::/48'\n\nwireguard_enabled: true\nwireguard_port: 51820\n\nstrongswan_log_level: 2\n\ndns_encryption: true\ndnscrypt_servers:\n  ipv4:\n    - cloudflare\n  ipv6:\n    - cloudflare-ipv6\nlocal_service_ip: 172.16.0.1\n\nunattended_reboot:\n  enabled: false\n  time: 06:00\n\npkcs12_PayloadCertificateUUID: \"{{ 900000 | random | to_uuid | upper }}\"\nVPN_PayloadIdentifier: \"{{ 800000 | random | to_uuid | upper }}\"\nCA_PayloadIdentifier: \"{{ 700000 | random | to_uuid | upper }}\"\n\nBetweenClients_DROP: true\n\ncongrats:\n  common: \"# Algo setup complete\"\n  p12_pass: \"# User cert passphrase written to local disk\"\n\nSSH_keys:\n  comment: algo@ssh\n  private: configs/algo.pem\n  public: configs/algo.pem.pub\n\ncloud_providers:\n  local:\n\nfail_hint:\n  - Sorry, but something went wrong!\n\nbooleans_map:\n  Y: true\n  y: true\n",
                            "vars.%": "1",
                            "vars.userlist": "[\"alfa\",\"bravo\"]"
                        },
                        "meta": {},
                        "tainted": false
                    },
                    "deposed": [],
                    "provider": "provider.template"
                }
            },
            "depends_on": []
        },
        {
            "path": [
                "root",
                "gold-algo"
            ],
            "outputs": {
                "ip_address": {
                    "sensitive": false,
                    "type": "string",
                    "value": "172.104.179.236"
                }
            },
            "resources": {
                "data.template_file.config": {
                    "type": "template_file",
                    "depends_on": [],
                    "primary": {
                        "id": "16c7fab09b9dab7052827efec7be06dbd8a4102447ad4fc757bbe7c8be3f601c",
                        "attributes": {
                            "id": "16c7fab09b9dab7052827efec7be06dbd8a4102447ad4fc757bbe7c8be3f601c",
                            "rendered": "---\nusers: [\"alfa\",\"bravo\"]\n\nkeys_clean_all: False\n\nvpn_network: 10.19.48.0/24\nvpn_network_ipv6: 'fd9d:bc11:4020::/48'\n\nwireguard_enabled: true\nwireguard_port: 51820\n\nstrongswan_log_level: 2\n\ndns_encryption: true\ndnscrypt_servers:\n  ipv4:\n    - cloudflare\n  ipv6:\n    - cloudflare-ipv6\nlocal_service_ip: 172.16.0.1\n\nunattended_reboot:\n  enabled: false\n  time: 06:00\n\npkcs12_PayloadCertificateUUID: \"{{ 900000 | random | to_uuid | upper }}\"\nVPN_PayloadIdentifier: \"{{ 800000 | random | to_uuid | upper }}\"\nCA_PayloadIdentifier: \"{{ 700000 | random | to_uuid | upper }}\"\n\nBetweenClients_DROP: true\n\ncongrats:\n  common: \"# Algo setup complete\"\n  p12_pass: \"# User cert passphrase written to local disk\"\n\nSSH_keys:\n  comment: algo@ssh\n  private: configs/algo.pem\n  public: configs/algo.pem.pub\n\ncloud_providers:\n  local:\n\nfail_hint:\n  - Sorry, but something went wrong!\n\nbooleans_map:\n  Y: true\n  y: true\n",
                            "template": "---\nusers: ${userlist}\n\nkeys_clean_all: False\n\nvpn_network: 10.19.48.0/24\nvpn_network_ipv6: 'fd9d:bc11:4020::/48'\n\nwireguard_enabled: true\nwireguard_port: 51820\n\nstrongswan_log_level: 2\n\ndns_encryption: true\ndnscrypt_servers:\n  ipv4:\n    - cloudflare\n  ipv6:\n    - cloudflare-ipv6\nlocal_service_ip: 172.16.0.1\n\nunattended_reboot:\n  enabled: false\n  time: 06:00\n\npkcs12_PayloadCertificateUUID: \"{{ 900000 | random | to_uuid | upper }}\"\nVPN_PayloadIdentifier: \"{{ 800000 | random | to_uuid | upper }}\"\nCA_PayloadIdentifier: \"{{ 700000 | random | to_uuid | upper }}\"\n\nBetweenClients_DROP: true\n\ncongrats:\n  common: \"# Algo setup complete\"\n  p12_pass: \"# User cert passphrase written to local disk\"\n\nSSH_keys:\n  comment: algo@ssh\n  private: configs/algo.pem\n  public: configs/algo.pem.pub\n\ncloud_providers:\n  local:\n\nfail_hint:\n  - Sorry, but something went wrong!\n\nbooleans_map:\n  Y: true\n  y: true\n",
                            "vars.%": "1",
                            "vars.userlist": "[\"alfa\",\"bravo\"]"
                        },
                        "meta": {},
                        "tainted": false
                    },
                    "deposed": [],
                    "provider": "provider.template"
                },
                "linode_instance.algo": {
                    "type": "linode_instance",
                    "depends_on": [
                        "data.template_file.config"
                    ],
                    "primary": {
                        "id": "10862755",
                        "attributes": {
                            "alerts.#": "1",
                            "alerts.0.cpu": "90",
                            "alerts.0.io": "10000",
                            "alerts.0.network_in": "10",
                            "alerts.0.network_out": "10",
                            "alerts.0.transfer_quota": "80",
                            "backups.#": "0",
                            "boot_config_label": "default",
                            "config.#": "1",
                            "config.0.comments": "",
                            "config.0.devices.#": "1",
                            "config.0.devices.0.sda.#": "1",
                            "config.0.devices.0.sda.0.disk_id": "23100772",
                            "config.0.devices.0.sda.0.disk_label": "root",
                            "config.0.devices.0.sda.0.volume_id": "0",
                            "config.0.devices.0.sdb.#": "0",
                            "config.0.devices.0.sdc.#": "0",
                            "config.0.devices.0.sdd.#": "0",
                            "config.0.devices.0.sde.#": "0",
                            "config.0.devices.0.sdf.#": "0",
                            "config.0.devices.0.sdg.#": "0",
                            "config.0.devices.0.sdh.#": "0",
                            "config.0.helpers.#": "1",
                            "config.0.helpers.0.devtmpfs_automount": "true",
                            "config.0.helpers.0.distro": "true",
                            "config.0.helpers.0.modules_dep": "true",
                            "config.0.helpers.0.network": "true",
                            "config.0.helpers.0.updatedb_disabled": "true",
                            "config.0.kernel": "linode/grub2",
                            "config.0.label": "default",
                            "config.0.memory_limit": "0",
                            "config.0.root_device": "/dev/root",
                            "config.0.run_level": "default",
                            "config.0.virt_mode": "paravirt",
                            "disk.#": "1",
                            "disk.0.authorized_keys.#": "0",
                            "disk.0.filesystem": "ext4",
                            "disk.0.id": "23100772",
                            "disk.0.image": "",
                            "disk.0.label": "root",
                            "disk.0.read_only": "false",
                            "disk.0.root_pass": "",
                            "disk.0.size": "10240",
                            "disk.0.stackscript_data.%": "0",
                            "disk.0.stackscript_id": "0",
                            "group": "",
                            "id": "10862755",
                            "ip_address": "172.104.179.236",
                            "ipv4.#": "1",
                            "ipv4.1455398969": "172.104.179.236",
                            "ipv6": "2400:8901::f03c:91ff:fef0:1926/64",
                            "label": "gold-algo",
                            "private_ip": "false",
                            "region": "ap-south",
                            "specs.#": "1",
                            "specs.0.disk": "81920",
                            "specs.0.memory": "4096",
                            "specs.0.transfer": "4000",
                            "specs.0.vcpus": "2",
                            "status": "running",
                            "swap_size": "0",
                            "type": "g6-standard-2",
                            "watchdog_enabled": "false"
                        },
                        "meta": {},
                        "tainted": false
                    },
                    "deposed": [],
                    "provider": "provider.linode"
                }
            },
            "depends_on": []
        }
    ]
}
