{
    "version": 3,
    "terraform_version": "0.11.11",
    "serial": 7,
    "lineage": "142a6ab7-53ac-02fe-3a43-6930a1c7b8f9",
    "modules": [
        {
            "path": [
                "root"
            ],
            "outputs": {
                "codepad_address": {
                    "sensitive": false,
                    "type": "string",
                    "value": "45.33.89.23"
                },
                "pink-algo-address": {
                    "sensitive": false,
                    "type": "string",
                    "value": "151.236.220.141"
                },
                "red-algo-address": {
                    "sensitive": false,
                    "type": "string",
                    "value": "45.79.143.19"
                }
            },
            "resources": {
                "data.external.ssh_key": {
                    "type": "external",
                    "depends_on": [],
                    "primary": {
                        "id": "-",
                        "attributes": {
                            "id": "-",
                            "program.#": "1",
                            "program.0": "./assets/get_ssh_key.sh",
                            "result.%": "1",
                            "result.public_key": "ssh-ed25519 AAAAC3NzaC1lZDI1NTE5AAAAIPkiSoS5U0Zef2hRKzZ8jk3KIMT5pAiNTMPXf1HzbGZh"
                        },
                        "meta": {},
                        "tainted": false
                    },
                    "deposed": [],
                    "provider": "provider.external"
                },
                "linode_instance.codepad": {
                    "type": "linode_instance",
                    "depends_on": [
                        "data.external.ssh_key"
                    ],
                    "primary": {
                        "id": "12945190",
                        "attributes": {
                            "alerts.#": "1",
                            "alerts.0.cpu": "90",
                            "alerts.0.io": "10000",
                            "alerts.0.network_in": "10",
                            "alerts.0.network_out": "10",
                            "alerts.0.transfer_quota": "80",
                            "backups.#": "1",
                            "boot_config_label": "default",
                            "config.#": "1",
                            "config.0.comments": "",
                            "config.0.devices.#": "1",
                            "config.0.devices.0.sda.#": "1",
                            "config.0.devices.0.sda.0.disk_id": "27043787",
                            "config.0.devices.0.sda.0.disk_label": "root",
                            "config.0.devices.0.sda.0.volume_id": "0",
                            "config.0.devices.0.sdb.#": "0",
                            "config.0.devices.0.sdc.#": "0",
                            "config.0.devices.0.sdd.#": "0",
                            "config.0.devices.0.sde.#": "0",
                            "config.0.devices.0.sdf.#": "0",
                            "config.0.devices.0.sdg.#": "0",
                            "config.0.devices.0.sdh.#": "0",
                            "config.0.helpers.#": "1",
                            "config.0.helpers.0.devtmpfs_automount": "true",
                            "config.0.helpers.0.distro": "true",
                            "config.0.helpers.0.modules_dep": "true",
                            "config.0.helpers.0.network": "true",
                            "config.0.helpers.0.updatedb_disabled": "true",
                            "config.0.kernel": "linode/grub2",
                            "config.0.label": "default",
                            "config.0.memory_limit": "0",
                            "config.0.root_device": "/dev/root",
                            "config.0.run_level": "default",
                            "config.0.virt_mode": "paravirt",
                            "disk.#": "1",
                            "disk.0.authorized_keys.#": "0",
                            "disk.0.authorized_users.#": "0",
                            "disk.0.filesystem": "ext4",
                            "disk.0.id": "27043787",
                            "disk.0.image": "",
                            "disk.0.label": "root",
                            "disk.0.read_only": "false",
                            "disk.0.root_pass": "",
                            "disk.0.size": "102400",
                            "disk.0.stackscript_data.%": "0",
                            "disk.0.stackscript_id": "0",
                            "group": "",
                            "id": "12945190",
                            "ip_address": "45.33.89.23",
                            "ipv4.#": "1",
                            "ipv4.2169884593": "45.33.89.23",
                            "ipv6": "2600:3c03::f03c:91ff:feed:3aac/64",
                            "label": "codepad",
                            "private_ip": "false",
                            "region": "us-east",
                            "specs.#": "1",
                            "specs.0.disk": "163840",
                            "specs.0.memory": "8192",
                            "specs.0.transfer": "5000",
                            "specs.0.vcpus": "4",
                            "status": "running",
                            "swap_size": "0",
                            "tags.#": "0",
                            "type": "g6-standard-4",
                            "watchdog_enabled": "true"
                        },
                        "meta": {
                            "e2bfb730-ecaa-11e6-8f88-34363bc7c4c0": {
                                "create": 600000000000,
                                "delete": 600000000000,
                                "update": 1200000000000
                            }
                        },
                        "tainted": false
                    },
                    "deposed": [],
                    "provider": "provider.linode"
                }
            },
            "depends_on": []
        },
        {
            "path": [
                "root",
                "green-algo"
            ],
            "outputs": {},
            "resources": {},
            "depends_on": []
        },
        {
            "path": [
                "root",
                "image"
            ],
            "outputs": {
                "image_id": {
                    "sensitive": false,
                    "type": "string",
                    "value": "private/5758504"
                }
            },
            "resources": {
                "linode_image.image": {
                    "type": "linode_image",
                    "depends_on": [
                        "module.vm"
                    ],
                    "primary": {
                        "id": "private/5758504",
                        "attributes": {
                            "created": "2019-02-21T19:11:09Z",
                            "created_by": "akerl",
                            "deprecated": "false",
                            "description": "Created by Terraform",
                            "disk_id": "27043785",
                            "id": "private/5758504",
                            "is_public": "false",
                            "label": "algo-image",
                            "linode_id": "12945189",
                            "size": "2866",
                            "type": "manual",
                            "vendor": ""
                        },
                        "meta": {
                            "e2bfb730-ecaa-11e6-8f88-34363bc7c4c0": {
                                "create": 1200000000000
                            }
                        },
                        "tainted": false
                    },
                    "deposed": [],
                    "provider": "provider.linode"
                },
                "random_id.vm_suffix": {
                    "type": "random_id",
                    "depends_on": [],
                    "primary": {
                        "id": "8T6FGHyMzJw",
                        "attributes": {
                            "b64": "8T6FGHyMzJw",
                            "b64_std": "8T6FGHyMzJw=",
                            "b64_url": "8T6FGHyMzJw",
                            "byte_length": "8",
                            "dec": "17383477951912004764",
                            "hex": "f13e85187c8ccc9c",
                            "id": "8T6FGHyMzJw"
                        },
                        "meta": {},
                        "tainted": false
                    },
                    "deposed": [],
                    "provider": "provider.random"
                }
            },
            "depends_on": []
        },
        {
            "path": [
                "root",
                "pink-algo"
            ],
            "outputs": {
                "ip_address": {
                    "sensitive": false,
                    "type": "string",
                    "value": "151.236.220.141"
                }
            },
            "resources": {
                "data.template_file.config": {
                    "type": "template_file",
                    "depends_on": [
                        "module.vm"
                    ],
                    "primary": {
                        "id": "4a41e2f27f37d49d9bab472d63c3cc6156878e1282578f0bc096a4ba4d9febc4",
                        "attributes": {
                            "id": "4a41e2f27f37d49d9bab472d63c3cc6156878e1282578f0bc096a4ba4d9febc4",
                            "rendered": "---\nprovider: local\nserver: localhost\nendpoint: 151.236.220.141\n\nusers: [\"left\",\"right\",\"up\",\"down\"]\n\nkeys_clean_all: False\n\nssh_tunneling: false\n\nipsec_enabled: false\n\nwireguard_enabled: true\nwireguard_port: 51820\n\nreduce_mtu: 0\n\nlocal_dns: false\ndns_encryption: true\n\ndnscrypt_servers:\n  ipv4:\n    - google\n  ipv6: []\n\nlocal_service_ip: 172.16.0.1\n\nunattended_reboot:\n  enabled: true\n  time: 2:00\n\nBetweenClients_DROP: true\n\ncongrats:\n  common: \"# Algo setup complete\"\n  p12_pass: \"#\"\n\nSSH_keys:\n  comment: algo@ssh\n  private: configs/algo.pem\n  public: configs/algo.pem.pub\n\ncloud_providers:\n  local:\n\nfail_hint:\n  - Sorry, but something went wrong!\n\nbooleans_map:\n  Y: true\n  y: true\n\n",
                            "template": "---\nprovider: local\nserver: localhost\nendpoint: ${ip_address}\n\nusers: ${userlist}\n\nkeys_clean_all: False\n\nssh_tunneling: false\n\nipsec_enabled: false\n\nwireguard_enabled: true\nwireguard_port: 51820\n\nreduce_mtu: 0\n\nlocal_dns: false\ndns_encryption: true\n\ndnscrypt_servers:\n  ipv4:\n    - google\n  ipv6: []\n\nlocal_service_ip: 172.16.0.1\n\nunattended_reboot:\n  enabled: true\n  time: 2:00\n\nBetweenClients_DROP: true\n\ncongrats:\n  common: \"# Algo setup complete\"\n  p12_pass: \"#\"\n\nSSH_keys:\n  comment: algo@ssh\n  private: configs/algo.pem\n  public: configs/algo.pem.pub\n\ncloud_providers:\n  local:\n\nfail_hint:\n  - Sorry, but something went wrong!\n\nbooleans_map:\n  Y: true\n  y: true\n\n",
                            "vars.%": "2",
                            "vars.ip_address": "151.236.220.141",
                            "vars.userlist": "[\"left\",\"right\",\"up\",\"down\"]"
                        },
                        "meta": {},
                        "tainted": false
                    },
                    "deposed": [],
                    "provider": "provider.template"
                },
                "null_resource.configuration": {
                    "type": "null_resource",
                    "depends_on": [
                        "data.template_file.config",
                        "module.vm"
                    ],
                    "primary": {
                        "id": "4804925713013693633",
                        "attributes": {
                            "id": "4804925713013693633",
                            "triggers.%": "3",
                            "triggers.content": "---\nprovider: local\nserver: localhost\nendpoint: 151.236.220.141\n\nusers: [\"left\",\"right\",\"up\",\"down\"]\n\nkeys_clean_all: False\n\nssh_tunneling: false\n\nipsec_enabled: false\n\nwireguard_enabled: true\nwireguard_port: 51820\n\nreduce_mtu: 0\n\nlocal_dns: false\ndns_encryption: true\n\ndnscrypt_servers:\n  ipv4:\n    - google\n  ipv6: []\n\nlocal_service_ip: 172.16.0.1\n\nunattended_reboot:\n  enabled: true\n  time: 2:00\n\nBetweenClients_DROP: true\n\ncongrats:\n  common: \"# Algo setup complete\"\n  p12_pass: \"#\"\n\nSSH_keys:\n  comment: algo@ssh\n  private: configs/algo.pem\n  public: configs/algo.pem.pub\n\ncloud_providers:\n  local:\n\nfail_hint:\n  - Sorry, but something went wrong!\n\nbooleans_map:\n  Y: true\n  y: true\n\n",
                            "triggers.ip_address": "151.236.220.141",
                            "triggers.linode_id": "12945675"
                        },
                        "meta": {},
                        "tainted": false
                    },
                    "deposed": [],
                    "provider": "provider.null"
                }
            },
            "depends_on": []
        },
        {
            "path": [
                "root",
                "red-algo"
            ],
            "outputs": {
                "ip_address": {
                    "sensitive": false,
                    "type": "string",
                    "value": "45.79.143.19"
                }
            },
            "resources": {
                "data.template_file.config": {
                    "type": "template_file",
                    "depends_on": [
                        "module.vm"
                    ],
                    "primary": {
                        "id": "a265b0bd0f6b483fdef9cde154f3956b58fa1b7aaa97950eb26f09cf8b329c12",
                        "attributes": {
                            "id": "a265b0bd0f6b483fdef9cde154f3956b58fa1b7aaa97950eb26f09cf8b329c12",
                            "rendered": "---\nprovider: local\nserver: localhost\nendpoint: 45.79.143.19\n\nusers: [\"left\",\"right\",\"up\",\"down\"]\n\nkeys_clean_all: False\n\nssh_tunneling: false\n\nipsec_enabled: false\n\nwireguard_enabled: true\nwireguard_port: 51820\n\nreduce_mtu: 0\n\nlocal_dns: false\ndns_encryption: true\n\ndnscrypt_servers:\n  ipv4:\n    - google\n  ipv6: []\n\nlocal_service_ip: 172.16.0.1\n\nunattended_reboot:\n  enabled: true\n  time: 2:00\n\nBetweenClients_DROP: true\n\ncongrats:\n  common: \"# Algo setup complete\"\n  p12_pass: \"#\"\n\nSSH_keys:\n  comment: algo@ssh\n  private: configs/algo.pem\n  public: configs/algo.pem.pub\n\ncloud_providers:\n  local:\n\nfail_hint:\n  - Sorry, but something went wrong!\n\nbooleans_map:\n  Y: true\n  y: true\n\n",
                            "template": "---\nprovider: local\nserver: localhost\nendpoint: ${ip_address}\n\nusers: ${userlist}\n\nkeys_clean_all: False\n\nssh_tunneling: false\n\nipsec_enabled: false\n\nwireguard_enabled: true\nwireguard_port: 51820\n\nreduce_mtu: 0\n\nlocal_dns: false\ndns_encryption: true\n\ndnscrypt_servers:\n  ipv4:\n    - google\n  ipv6: []\n\nlocal_service_ip: 172.16.0.1\n\nunattended_reboot:\n  enabled: true\n  time: 2:00\n\nBetweenClients_DROP: true\n\ncongrats:\n  common: \"# Algo setup complete\"\n  p12_pass: \"#\"\n\nSSH_keys:\n  comment: algo@ssh\n  private: configs/algo.pem\n  public: configs/algo.pem.pub\n\ncloud_providers:\n  local:\n\nfail_hint:\n  - Sorry, but something went wrong!\n\nbooleans_map:\n  Y: true\n  y: true\n\n",
                            "vars.%": "2",
                            "vars.ip_address": "45.79.143.19",
                            "vars.userlist": "[\"left\",\"right\",\"up\",\"down\"]"
                        },
                        "meta": {},
                        "tainted": false
                    },
                    "deposed": [],
                    "provider": "provider.template"
                },
                "null_resource.configuration": {
                    "type": "null_resource",
                    "depends_on": [
                        "data.template_file.config",
                        "module.vm"
                    ],
                    "primary": {
                        "id": "9007674552726590320",
                        "attributes": {
                            "id": "9007674552726590320",
                            "triggers.%": "3",
                            "triggers.content": "---\nprovider: local\nserver: localhost\nendpoint: 45.79.143.19\n\nusers: [\"left\",\"right\",\"up\",\"down\"]\n\nkeys_clean_all: False\n\nssh_tunneling: false\n\nipsec_enabled: false\n\nwireguard_enabled: true\nwireguard_port: 51820\n\nreduce_mtu: 0\n\nlocal_dns: false\ndns_encryption: true\n\ndnscrypt_servers:\n  ipv4:\n    - google\n  ipv6: []\n\nlocal_service_ip: 172.16.0.1\n\nunattended_reboot:\n  enabled: true\n  time: 2:00\n\nBetweenClients_DROP: true\n\ncongrats:\n  common: \"# Algo setup complete\"\n  p12_pass: \"#\"\n\nSSH_keys:\n  comment: algo@ssh\n  private: configs/algo.pem\n  public: configs/algo.pem.pub\n\ncloud_providers:\n  local:\n\nfail_hint:\n  - Sorry, but something went wrong!\n\nbooleans_map:\n  Y: true\n  y: true\n\n",
                            "triggers.ip_address": "45.79.143.19",
                            "triggers.linode_id": "12945480"
                        },
                        "meta": {},
                        "tainted": false
                    },
                    "deposed": [],
                    "provider": "provider.null"
                }
            },
            "depends_on": []
        },
        {
            "path": [
                "root",
                "green-algo",
                "vm"
            ],
            "outputs": {},
            "resources": {
                "data.template_file.setup": {
                    "type": "template_file",
                    "depends_on": [],
                    "primary": {
                        "id": "58034917b76c59cd3825f2db0bcac00629db176ea02ec4e705aed1868642f8f4",
                        "attributes": {
                            "id": "58034917b76c59cd3825f2db0bcac00629db176ea02ec4e705aed1868642f8f4",
                            "rendered": "#!/usr/bin/env bash\n\nset -euo pipefail\n\nresize2fs /dev/sda\n\nexport DEBIAN_FRONTEND=noninteractive\n\nrm /etc/ssh/ssh_host*\nssh-keygen -A\n\napt update\napt upgrade -y\napt autoremove -y\napt install -y python-pip build-essential python-dev python-virtualenv\n\nsystemctl restart sshd\n\nALGO_DIR=/opt/algo\n[[ -e \"$ALGO_DIR\" ]] \u0026\u0026 rm -rf \"$ALGO_DIR\"\ngit clone \"https://github.com/akerl/algo\" \"$ALGO_DIR\"\n\n",
                            "template": "#!/usr/bin/env bash\n\nset -euo pipefail\n\nresize2fs /dev/sda\n\nexport DEBIAN_FRONTEND=noninteractive\n\nrm /etc/ssh/ssh_host*\nssh-keygen -A\n\napt update\napt upgrade -y\napt autoremove -y\napt install -y python-pip build-essential python-dev python-virtualenv\n\nsystemctl restart sshd\n\nALGO_DIR=/opt/algo\n[[ -e \"$ALGO_DIR\" ]] \u0026\u0026 rm -rf \"$ALGO_DIR\"\ngit clone \"${algo_repo}\" \"$ALGO_DIR\"\n\n",
                            "vars.%": "1",
                            "vars.algo_repo": "https://github.com/akerl/algo"
                        },
                        "meta": {},
                        "tainted": false
                    },
                    "deposed": [],
                    "provider": "provider.template"
                },
                "linode_instance.algo": {
                    "type": "linode_instance",
                    "depends_on": [
                        "data.template_file.setup"
                    ],
                    "primary": {
                        "id": "12945674",
                        "attributes": {
                            "config.#": "1",
                            "config.0.comments": "",
                            "config.0.devices.#": "1",
                            "config.0.devices.0.sda.#": "1",
                            "config.0.devices.0.sda.0.disk_id": "27044727",
                            "config.0.devices.0.sda.0.disk_label": "root",
                            "config.0.devices.0.sda.0.volume_id": "0",
                            "config.0.devices.0.sdb.#": "0",
                            "config.0.devices.0.sdc.#": "0",
                            "config.0.devices.0.sdd.#": "0",
                            "config.0.devices.0.sde.#": "0",
                            "config.0.devices.0.sdf.#": "0",
                            "config.0.devices.0.sdg.#": "0",
                            "config.0.devices.0.sdh.#": "0",
                            "config.0.helpers.#": "0",
                            "config.0.kernel": "linode/grub2",
                            "config.0.label": "default",
                            "config.0.memory_limit": "0",
                            "config.0.root_device": "",
                            "config.0.run_level": "default",
                            "config.0.virt_mode": "paravirt",
                            "disk.#": "1",
                            "disk.0.authorized_keys.#": "1",
                            "disk.0.authorized_keys.0": "ssh-ed25519 AAAAC3NzaC1lZDI1NTE5AAAAIPkiSoS5U0Zef2hRKzZ8jk3KIMT5pAiNTMPXf1HzbGZh",
                            "disk.0.authorized_users.#": "0",
                            "disk.0.filesystem": "",
                            "disk.0.id": "0",
                            "disk.0.image": "private/5758504",
                            "disk.0.label": "root",
                            "disk.0.read_only": "false",
                            "disk.0.root_pass": "",
                            "disk.0.size": "10240",
                            "disk.0.stackscript_data.%": "0",
                            "disk.0.stackscript_id": "0",
                            "id": "12945674",
                            "ip_address": "172.104.184.30",
                            "ipv4.#": "1",
                            "ipv4.1586911493": "172.104.184.30",
                            "ipv6": "2400:8901::f03c:91ff:feed:3f14/64",
                            "label": "green-algo",
                            "region": "ap-south",
                            "type": "g6-standard-1",
                            "watchdog_enabled": "true"
                        },
                        "meta": {
                            "e2bfb730-ecaa-11e6-8f88-34363bc7c4c0": {
                                "create": 600000000000,
                                "delete": 600000000000,
                                "update": 1200000000000
                            }
                        },
                        "tainted": true
                    },
                    "deposed": [],
                    "provider": "provider.linode"
                }
            },
            "depends_on": []
        },
        {
            "path": [
                "root",
                "image",
                "vm"
            ],
            "outputs": {
                "disk_id": {
                    "sensitive": false,
                    "type": "string",
                    "value": "27043785"
                },
                "ip_address": {
                    "sensitive": false,
                    "type": "string",
                    "value": "23.92.16.88"
                },
                "linode_id": {
                    "sensitive": false,
                    "type": "string",
                    "value": "12945189"
                }
            },
            "resources": {
                "data.template_file.setup": {
                    "type": "template_file",
                    "depends_on": [],
                    "primary": {
                        "id": "58034917b76c59cd3825f2db0bcac00629db176ea02ec4e705aed1868642f8f4",
                        "attributes": {
                            "id": "58034917b76c59cd3825f2db0bcac00629db176ea02ec4e705aed1868642f8f4",
                            "rendered": "#!/usr/bin/env bash\n\nset -euo pipefail\n\nresize2fs /dev/sda\n\nexport DEBIAN_FRONTEND=noninteractive\n\nrm /etc/ssh/ssh_host*\nssh-keygen -A\n\napt update\napt upgrade -y\napt autoremove -y\napt install -y python-pip build-essential python-dev python-virtualenv\n\nsystemctl restart sshd\n\nALGO_DIR=/opt/algo\n[[ -e \"$ALGO_DIR\" ]] \u0026\u0026 rm -rf \"$ALGO_DIR\"\ngit clone \"https://github.com/akerl/algo\" \"$ALGO_DIR\"\n\n",
                            "template": "#!/usr/bin/env bash\n\nset -euo pipefail\n\nresize2fs /dev/sda\n\nexport DEBIAN_FRONTEND=noninteractive\n\nrm /etc/ssh/ssh_host*\nssh-keygen -A\n\napt update\napt upgrade -y\napt autoremove -y\napt install -y python-pip build-essential python-dev python-virtualenv\n\nsystemctl restart sshd\n\nALGO_DIR=/opt/algo\n[[ -e \"$ALGO_DIR\" ]] \u0026\u0026 rm -rf \"$ALGO_DIR\"\ngit clone \"${algo_repo}\" \"$ALGO_DIR\"\n\n",
                            "vars.%": "1",
                            "vars.algo_repo": "https://github.com/akerl/algo"
                        },
                        "meta": {},
                        "tainted": false
                    },
                    "deposed": [],
                    "provider": "provider.template"
                },
                "linode_instance.algo": {
                    "type": "linode_instance",
                    "depends_on": [
                        "data.template_file.setup"
                    ],
                    "primary": {
                        "id": "12945189",
                        "attributes": {
                            "alerts.#": "1",
                            "alerts.0.cpu": "90",
                            "alerts.0.io": "10000",
                            "alerts.0.network_in": "10",
                            "alerts.0.network_out": "10",
                            "alerts.0.transfer_quota": "80",
                            "backups.#": "1",
                            "boot_config_label": "default",
                            "config.#": "1",
                            "config.0.comments": "",
                            "config.0.devices.#": "1",
                            "config.0.devices.0.sda.#": "1",
                            "config.0.devices.0.sda.0.disk_id": "27043785",
                            "config.0.devices.0.sda.0.disk_label": "root",
                            "config.0.devices.0.sda.0.volume_id": "0",
                            "config.0.devices.0.sdb.#": "0",
                            "config.0.devices.0.sdc.#": "0",
                            "config.0.devices.0.sdd.#": "0",
                            "config.0.devices.0.sde.#": "0",
                            "config.0.devices.0.sdf.#": "0",
                            "config.0.devices.0.sdg.#": "0",
                            "config.0.devices.0.sdh.#": "0",
                            "config.0.helpers.#": "1",
                            "config.0.helpers.0.devtmpfs_automount": "true",
                            "config.0.helpers.0.distro": "true",
                            "config.0.helpers.0.modules_dep": "true",
                            "config.0.helpers.0.network": "true",
                            "config.0.helpers.0.updatedb_disabled": "true",
                            "config.0.kernel": "linode/grub2",
                            "config.0.label": "default",
                            "config.0.memory_limit": "0",
                            "config.0.root_device": "/dev/root",
                            "config.0.run_level": "default",
                            "config.0.virt_mode": "paravirt",
                            "disk.#": "1",
                            "disk.0.authorized_keys.#": "0",
                            "disk.0.authorized_users.#": "0",
                            "disk.0.filesystem": "ext4",
                            "disk.0.id": "27043785",
                            "disk.0.image": "",
                            "disk.0.label": "root",
                            "disk.0.read_only": "false",
                            "disk.0.root_pass": "",
                            "disk.0.size": "10240",
                            "disk.0.stackscript_data.%": "0",
                            "disk.0.stackscript_id": "0",
                            "group": "",
                            "id": "12945189",
                            "ip_address": "23.92.16.88",
                            "ipv4.#": "1",
                            "ipv4.2489692182": "23.92.16.88",
                            "ipv6": "2600:3c03::f03c:91ff:feed:3a60/64",
                            "label": "algo-image_f13e85187c8ccc9c-algo",
                            "private_ip": "false",
                            "region": "us-east",
                            "specs.#": "1",
                            "specs.0.disk": "51200",
                            "specs.0.memory": "2048",
                            "specs.0.transfer": "2000",
                            "specs.0.vcpus": "1",
                            "status": "running",
                            "swap_size": "0",
                            "tags.#": "0",
                            "type": "g6-standard-1",
                            "watchdog_enabled": "true"
                        },
                        "meta": {
                            "e2bfb730-ecaa-11e6-8f88-34363bc7c4c0": {
                                "create": 600000000000,
                                "delete": 600000000000,
                                "update": 1200000000000
                            }
                        },
                        "tainted": false
                    },
                    "deposed": [],
                    "provider": "provider.linode"
                }
            },
            "depends_on": []
        },
        {
            "path": [
                "root",
                "pink-algo",
                "vm"
            ],
            "outputs": {
                "disk_id": {
                    "sensitive": false,
                    "type": "string",
                    "value": "27044728"
                },
                "ip_address": {
                    "sensitive": false,
                    "type": "string",
                    "value": "151.236.220.141"
                },
                "linode_id": {
                    "sensitive": false,
                    "type": "string",
                    "value": "12945675"
                }
            },
            "resources": {
                "data.template_file.setup": {
                    "type": "template_file",
                    "depends_on": [],
                    "primary": {
                        "id": "58034917b76c59cd3825f2db0bcac00629db176ea02ec4e705aed1868642f8f4",
                        "attributes": {
                            "id": "58034917b76c59cd3825f2db0bcac00629db176ea02ec4e705aed1868642f8f4",
                            "rendered": "#!/usr/bin/env bash\n\nset -euo pipefail\n\nresize2fs /dev/sda\n\nexport DEBIAN_FRONTEND=noninteractive\n\nrm /etc/ssh/ssh_host*\nssh-keygen -A\n\napt update\napt upgrade -y\napt autoremove -y\napt install -y python-pip build-essential python-dev python-virtualenv\n\nsystemctl restart sshd\n\nALGO_DIR=/opt/algo\n[[ -e \"$ALGO_DIR\" ]] \u0026\u0026 rm -rf \"$ALGO_DIR\"\ngit clone \"https://github.com/akerl/algo\" \"$ALGO_DIR\"\n\n",
                            "template": "#!/usr/bin/env bash\n\nset -euo pipefail\n\nresize2fs /dev/sda\n\nexport DEBIAN_FRONTEND=noninteractive\n\nrm /etc/ssh/ssh_host*\nssh-keygen -A\n\napt update\napt upgrade -y\napt autoremove -y\napt install -y python-pip build-essential python-dev python-virtualenv\n\nsystemctl restart sshd\n\nALGO_DIR=/opt/algo\n[[ -e \"$ALGO_DIR\" ]] \u0026\u0026 rm -rf \"$ALGO_DIR\"\ngit clone \"${algo_repo}\" \"$ALGO_DIR\"\n\n",
                            "vars.%": "1",
                            "vars.algo_repo": "https://github.com/akerl/algo"
                        },
                        "meta": {},
                        "tainted": false
                    },
                    "deposed": [],
                    "provider": "provider.template"
                },
                "linode_instance.algo": {
                    "type": "linode_instance",
                    "depends_on": [
                        "data.template_file.setup"
                    ],
                    "primary": {
                        "id": "12945675",
                        "attributes": {
                            "alerts.#": "1",
                            "alerts.0.cpu": "90",
                            "alerts.0.io": "10000",
                            "alerts.0.network_in": "10",
                            "alerts.0.network_out": "10",
                            "alerts.0.transfer_quota": "80",
                            "backups.#": "1",
                            "boot_config_label": "default",
                            "config.#": "1",
                            "config.0.comments": "",
                            "config.0.devices.#": "1",
                            "config.0.devices.0.sda.#": "1",
                            "config.0.devices.0.sda.0.disk_id": "27044728",
                            "config.0.devices.0.sda.0.disk_label": "root",
                            "config.0.devices.0.sda.0.volume_id": "0",
                            "config.0.devices.0.sdb.#": "0",
                            "config.0.devices.0.sdc.#": "0",
                            "config.0.devices.0.sdd.#": "0",
                            "config.0.devices.0.sde.#": "0",
                            "config.0.devices.0.sdf.#": "0",
                            "config.0.devices.0.sdg.#": "0",
                            "config.0.devices.0.sdh.#": "0",
                            "config.0.helpers.#": "1",
                            "config.0.helpers.0.devtmpfs_automount": "true",
                            "config.0.helpers.0.distro": "true",
                            "config.0.helpers.0.modules_dep": "true",
                            "config.0.helpers.0.network": "true",
                            "config.0.helpers.0.updatedb_disabled": "true",
                            "config.0.kernel": "linode/grub2",
                            "config.0.label": "default",
                            "config.0.memory_limit": "0",
                            "config.0.root_device": "/dev/root",
                            "config.0.run_level": "default",
                            "config.0.virt_mode": "paravirt",
                            "disk.#": "1",
                            "disk.0.authorized_keys.#": "0",
                            "disk.0.authorized_users.#": "0",
                            "disk.0.filesystem": "ext4",
                            "disk.0.id": "27044728",
                            "disk.0.image": "",
                            "disk.0.label": "root",
                            "disk.0.read_only": "false",
                            "disk.0.root_pass": "",
                            "disk.0.size": "10240",
                            "disk.0.stackscript_data.%": "0",
                            "disk.0.stackscript_id": "0",
                            "group": "",
                            "id": "12945675",
                            "ip_address": "151.236.220.141",
                            "ipv4.#": "1",
                            "ipv4.3419539103": "151.236.220.141",
                            "ipv6": "2a01:7e00::f03c:91ff:feed:3fcb/64",
                            "label": "pink-algo",
                            "private_ip": "false",
                            "region": "eu-west",
                            "specs.#": "1",
                            "specs.0.disk": "51200",
                            "specs.0.memory": "2048",
                            "specs.0.transfer": "2000",
                            "specs.0.vcpus": "1",
                            "status": "running",
                            "swap_size": "0",
                            "tags.#": "0",
                            "type": "g6-standard-1",
                            "watchdog_enabled": "true"
                        },
                        "meta": {
                            "e2bfb730-ecaa-11e6-8f88-34363bc7c4c0": {
                                "create": 600000000000,
                                "delete": 600000000000,
                                "update": 1200000000000
                            }
                        },
                        "tainted": false
                    },
                    "deposed": [],
                    "provider": "provider.linode"
                }
            },
            "depends_on": []
        },
        {
            "path": [
                "root",
                "red-algo",
                "vm"
            ],
            "outputs": {
                "disk_id": {
                    "sensitive": false,
                    "type": "string",
                    "value": "27044358"
                },
                "ip_address": {
                    "sensitive": false,
                    "type": "string",
                    "value": "45.79.143.19"
                },
                "linode_id": {
                    "sensitive": false,
                    "type": "string",
                    "value": "12945480"
                }
            },
            "resources": {
                "data.template_file.setup": {
                    "type": "template_file",
                    "depends_on": [],
                    "primary": {
                        "id": "58034917b76c59cd3825f2db0bcac00629db176ea02ec4e705aed1868642f8f4",
                        "attributes": {
                            "id": "58034917b76c59cd3825f2db0bcac00629db176ea02ec4e705aed1868642f8f4",
                            "rendered": "#!/usr/bin/env bash\n\nset -euo pipefail\n\nresize2fs /dev/sda\n\nexport DEBIAN_FRONTEND=noninteractive\n\nrm /etc/ssh/ssh_host*\nssh-keygen -A\n\napt update\napt upgrade -y\napt autoremove -y\napt install -y python-pip build-essential python-dev python-virtualenv\n\nsystemctl restart sshd\n\nALGO_DIR=/opt/algo\n[[ -e \"$ALGO_DIR\" ]] \u0026\u0026 rm -rf \"$ALGO_DIR\"\ngit clone \"https://github.com/akerl/algo\" \"$ALGO_DIR\"\n\n",
                            "template": "#!/usr/bin/env bash\n\nset -euo pipefail\n\nresize2fs /dev/sda\n\nexport DEBIAN_FRONTEND=noninteractive\n\nrm /etc/ssh/ssh_host*\nssh-keygen -A\n\napt update\napt upgrade -y\napt autoremove -y\napt install -y python-pip build-essential python-dev python-virtualenv\n\nsystemctl restart sshd\n\nALGO_DIR=/opt/algo\n[[ -e \"$ALGO_DIR\" ]] \u0026\u0026 rm -rf \"$ALGO_DIR\"\ngit clone \"${algo_repo}\" \"$ALGO_DIR\"\n\n",
                            "vars.%": "1",
                            "vars.algo_repo": "https://github.com/akerl/algo"
                        },
                        "meta": {},
                        "tainted": false
                    },
                    "deposed": [],
                    "provider": "provider.template"
                },
                "linode_instance.algo": {
                    "type": "linode_instance",
                    "depends_on": [
                        "data.template_file.setup"
                    ],
                    "primary": {
                        "id": "12945480",
                        "attributes": {
                            "alerts.#": "1",
                            "alerts.0.cpu": "90",
                            "alerts.0.io": "10000",
                            "alerts.0.network_in": "10",
                            "alerts.0.network_out": "10",
                            "alerts.0.transfer_quota": "80",
                            "backups.#": "1",
                            "boot_config_label": "default",
                            "config.#": "1",
                            "config.0.comments": "",
                            "config.0.devices.#": "1",
                            "config.0.devices.0.sda.#": "1",
                            "config.0.devices.0.sda.0.disk_id": "27044358",
                            "config.0.devices.0.sda.0.disk_label": "root",
                            "config.0.devices.0.sda.0.volume_id": "0",
                            "config.0.devices.0.sdb.#": "0",
                            "config.0.devices.0.sdc.#": "0",
                            "config.0.devices.0.sdd.#": "0",
                            "config.0.devices.0.sde.#": "0",
                            "config.0.devices.0.sdf.#": "0",
                            "config.0.devices.0.sdg.#": "0",
                            "config.0.devices.0.sdh.#": "0",
                            "config.0.helpers.#": "1",
                            "config.0.helpers.0.devtmpfs_automount": "true",
                            "config.0.helpers.0.distro": "true",
                            "config.0.helpers.0.modules_dep": "true",
                            "config.0.helpers.0.network": "true",
                            "config.0.helpers.0.updatedb_disabled": "true",
                            "config.0.kernel": "linode/grub2",
                            "config.0.label": "default",
                            "config.0.memory_limit": "0",
                            "config.0.root_device": "/dev/root",
                            "config.0.run_level": "default",
                            "config.0.virt_mode": "paravirt",
                            "disk.#": "1",
                            "disk.0.authorized_keys.#": "0",
                            "disk.0.authorized_users.#": "0",
                            "disk.0.filesystem": "ext4",
                            "disk.0.id": "27044358",
                            "disk.0.image": "",
                            "disk.0.label": "root",
                            "disk.0.read_only": "false",
                            "disk.0.root_pass": "",
                            "disk.0.size": "10240",
                            "disk.0.stackscript_data.%": "0",
                            "disk.0.stackscript_id": "0",
                            "group": "",
                            "id": "12945480",
                            "ip_address": "45.79.143.19",
                            "ipv4.#": "1",
                            "ipv4.3642794349": "45.79.143.19",
                            "ipv6": "2600:3c03::f03c:91ff:feed:61cd/64",
                            "label": "red-algo",
                            "private_ip": "false",
                            "region": "us-east",
                            "specs.#": "1",
                            "specs.0.disk": "51200",
                            "specs.0.memory": "2048",
                            "specs.0.transfer": "2000",
                            "specs.0.vcpus": "1",
                            "status": "running",
                            "swap_size": "0",
                            "tags.#": "0",
                            "type": "g6-standard-1",
                            "watchdog_enabled": "true"
                        },
                        "meta": {
                            "e2bfb730-ecaa-11e6-8f88-34363bc7c4c0": {
                                "create": 600000000000,
                                "delete": 600000000000,
                                "update": 1200000000000
                            }
                        },
                        "tainted": false
                    },
                    "deposed": [],
                    "provider": "provider.linode"
                }
            },
            "depends_on": []
        }
    ]
}
