{
    "version": 3,
    "terraform_version": "0.11.13",
    "serial": 62,
    "lineage": "142a6ab7-53ac-02fe-3a43-6930a1c7b8f9",
    "modules": [
        {
            "path": [
                "root"
            ],
            "outputs": {
                "codepad_address": {
                    "sensitive": false,
                    "type": "string",
                    "value": "45.33.89.23"
                },
                "green-vpn-address": {
                    "sensitive": false,
                    "type": "string",
                    "value": "172.104.43.175"
                },
                "red-vpn-address": {
                    "sensitive": false,
                    "type": "string",
                    "value": "173.255.232.162"
                }
            },
            "resources": {
                "data.external.ssh_keys": {
                    "type": "external",
                    "depends_on": [],
                    "primary": {
                        "id": "-",
                        "attributes": {
                            "id": "-",
                            "program.#": "1",
                            "program.0": "./assets/get_ssh_keys.sh",
                            "result.%": "3",
                            "result.bean": "ssh-ed25519 AAAAC3NzaC1lZDI1NTE5AAAAIPrm9UdL04EOBdgpluugFsai+PMIqF2tNmVH757JHH3I",
                            "result.ela": "ssh-ed25519 AAAAC3NzaC1lZDI1NTE5AAAAIMiMa3L8APp5TkMGWHZgjw/LLvqFQiYLqyIKVSDSrqiN",
                            "result.mazer": "ssh-ed25519 AAAAC3NzaC1lZDI1NTE5AAAAIPkiSoS5U0Zef2hRKzZ8jk3KIMT5pAiNTMPXf1HzbGZh"
                        },
                        "meta": {},
                        "tainted": false
                    },
                    "deposed": [],
                    "provider": "provider.external"
                },
                "data.linode_profile.profile": {
                    "type": "linode_profile",
                    "depends_on": [],
                    "primary": {
                        "id": "770937",
                        "attributes": {
                            "authorized_keys.#": "1",
                            "authorized_keys.0": "ssh-ed25519 AAAAC3NzaC1lZDI1NTE5AAAAIPrm9UdL04EOBdgpluugFsai+PMIqF2tNmVH757JHH3I akerl@bean",
                            "email": "me@lesaker.org",
                            "email_notifications": "true",
                            "id": "770937",
                            "ip_whitelist_enabled": "false",
                            "lish_auth_method": "keys_only",
                            "referrals.#": "1",
                            "referrals.0.code": "f227109176ce87940f3b9697940a0fa0472c4b43",
                            "referrals.0.completed": "0",
                            "referrals.0.credit": "0",
                            "referrals.0.pending": "0",
                            "referrals.0.total": "0",
                            "referrals.0.url": "https://www.linode.com/?r=f227109176ce87940f3b9697940a0fa0472c4b43",
                            "restricted": "false",
                            "timezone": "US/Eastern",
                            "two_factor_auth": "true",
                            "username": "akerl"
                        },
                        "meta": {},
                        "tainted": false
                    },
                    "deposed": [],
                    "provider": "provider.linode"
                },
                "linode_domain.wg": {
                    "type": "linode_domain",
                    "depends_on": [],
                    "primary": {
                        "id": "1219892",
                        "attributes": {
                            "description": "",
                            "domain": "wg.scrtybybscrty.org",
                            "expire_sec": "0",
                            "group": "",
                            "id": "1219892",
                            "master_ips.#": "0",
                            "refresh_sec": "0",
                            "retry_sec": "0",
                            "soa_email": "me@lesaker.org",
                            "status": "active",
                            "tags.#": "0",
                            "ttl_sec": "0",
                            "type": "master"
                        },
                        "meta": {},
                        "tainted": false
                    },
                    "deposed": [],
                    "provider": "provider.linode"
                },
                "linode_domain_record.green": {
                    "type": "linode_domain_record",
                    "depends_on": [
                        "linode_domain.wg",
                        "module.green-vpn"
                    ],
                    "primary": {
                        "id": "12584255",
                        "attributes": {
                            "domain_id": "1219892",
                            "id": "12584255",
                            "name": "green",
                            "port": "0",
                            "priority": "0",
                            "protocol": "",
                            "record_type": "A",
                            "service": "",
                            "tag": "",
                            "target": "172.104.43.175",
                            "ttl_sec": "0",
                            "weight": "0"
                        },
                        "meta": {},
                        "tainted": false
                    },
                    "deposed": [],
                    "provider": "provider.linode"
                },
                "linode_domain_record.red": {
                    "type": "linode_domain_record",
                    "depends_on": [
                        "linode_domain.wg",
                        "module.red-vpn"
                    ],
                    "primary": {
                        "id": "12583880",
                        "attributes": {
                            "domain_id": "1219892",
                            "id": "12583880",
                            "name": "red",
                            "port": "0",
                            "priority": "0",
                            "protocol": "",
                            "record_type": "A",
                            "service": "",
                            "tag": "",
                            "target": "173.255.232.162",
                            "ttl_sec": "0",
                            "weight": "0"
                        },
                        "meta": {},
                        "tainted": false
                    },
                    "deposed": [],
                    "provider": "provider.linode"
                },
                "linode_instance.codepad": {
                    "type": "linode_instance",
                    "depends_on": [
                        "data.external.ssh_key"
                    ],
                    "primary": {
                        "id": "12945190",
                        "attributes": {
                            "alerts.#": "1",
                            "alerts.0.cpu": "90",
                            "alerts.0.io": "10000",
                            "alerts.0.network_in": "10",
                            "alerts.0.network_out": "10",
                            "alerts.0.transfer_quota": "80",
                            "backups.#": "1",
                            "boot_config_label": "default",
                            "config.#": "1",
                            "config.0.comments": "",
                            "config.0.devices.#": "1",
                            "config.0.devices.0.sda.#": "1",
                            "config.0.devices.0.sda.0.disk_id": "27043787",
                            "config.0.devices.0.sda.0.disk_label": "root",
                            "config.0.devices.0.sda.0.volume_id": "0",
                            "config.0.devices.0.sdb.#": "0",
                            "config.0.devices.0.sdc.#": "0",
                            "config.0.devices.0.sdd.#": "0",
                            "config.0.devices.0.sde.#": "0",
                            "config.0.devices.0.sdf.#": "0",
                            "config.0.devices.0.sdg.#": "0",
                            "config.0.devices.0.sdh.#": "0",
                            "config.0.helpers.#": "1",
                            "config.0.helpers.0.devtmpfs_automount": "true",
                            "config.0.helpers.0.distro": "true",
                            "config.0.helpers.0.modules_dep": "true",
                            "config.0.helpers.0.network": "true",
                            "config.0.helpers.0.updatedb_disabled": "true",
                            "config.0.kernel": "linode/grub2",
                            "config.0.label": "default",
                            "config.0.memory_limit": "0",
                            "config.0.root_device": "/dev/root",
                            "config.0.run_level": "default",
                            "config.0.virt_mode": "paravirt",
                            "disk.#": "1",
                            "disk.0.authorized_keys.#": "0",
                            "disk.0.authorized_users.#": "0",
                            "disk.0.filesystem": "ext4",
                            "disk.0.id": "27043787",
                            "disk.0.image": "",
                            "disk.0.label": "root",
                            "disk.0.read_only": "false",
                            "disk.0.root_pass": "",
                            "disk.0.size": "102400",
                            "disk.0.stackscript_data.%": "0",
                            "disk.0.stackscript_id": "0",
                            "group": "",
                            "id": "12945190",
                            "ip_address": "45.33.89.23",
                            "ipv4.#": "1",
                            "ipv4.2169884593": "45.33.89.23",
                            "ipv6": "2600:3c03::f03c:91ff:feed:3aac/64",
                            "label": "codepad",
                            "private_ip": "false",
                            "region": "us-east",
                            "specs.#": "1",
                            "specs.0.disk": "163840",
                            "specs.0.memory": "8192",
                            "specs.0.transfer": "5000",
                            "specs.0.vcpus": "4",
                            "status": "running",
                            "swap_size": "0",
                            "tags.#": "0",
                            "type": "g6-standard-4",
                            "watchdog_enabled": "true"
                        },
                        "meta": {
                            "e2bfb730-ecaa-11e6-8f88-34363bc7c4c0": {
                                "create": 600000000000,
                                "delete": 600000000000,
                                "update": 1200000000000
                            }
                        },
                        "tainted": false
                    },
                    "deposed": [],
                    "provider": "provider.linode"
                },
                "linode_sshkey.keys.0": {
                    "type": "linode_sshkey",
                    "depends_on": [
                        "data.external.ssh_keys"
                    ],
                    "primary": {
                        "id": "3138",
                        "attributes": {
                            "created": "2019-04-02T18:52:45Z",
                            "id": "3138",
                            "label": "bean",
                            "ssh_key": "ssh-ed25519 AAAAC3NzaC1lZDI1NTE5AAAAIPrm9UdL04EOBdgpluugFsai+PMIqF2tNmVH757JHH3I"
                        },
                        "meta": {},
                        "tainted": false
                    },
                    "deposed": [],
                    "provider": "provider.linode"
                },
                "linode_sshkey.keys.1": {
                    "type": "linode_sshkey",
                    "depends_on": [
                        "data.external.ssh_keys"
                    ],
                    "primary": {
                        "id": "3139",
                        "attributes": {
                            "created": "2019-04-02T18:52:45Z",
                            "id": "3139",
                            "label": "ela",
                            "ssh_key": "ssh-ed25519 AAAAC3NzaC1lZDI1NTE5AAAAIMiMa3L8APp5TkMGWHZgjw/LLvqFQiYLqyIKVSDSrqiN"
                        },
                        "meta": {},
                        "tainted": false
                    },
                    "deposed": [],
                    "provider": "provider.linode"
                },
                "linode_sshkey.keys.2": {
                    "type": "linode_sshkey",
                    "depends_on": [
                        "data.external.ssh_keys"
                    ],
                    "primary": {
                        "id": "3137",
                        "attributes": {
                            "created": "2019-04-02T18:52:45Z",
                            "id": "3137",
                            "label": "mazer",
                            "ssh_key": "ssh-ed25519 AAAAC3NzaC1lZDI1NTE5AAAAIPkiSoS5U0Zef2hRKzZ8jk3KIMT5pAiNTMPXf1HzbGZh"
                        },
                        "meta": {},
                        "tainted": false
                    },
                    "deposed": [],
                    "provider": "provider.linode"
                }
            },
            "depends_on": []
        },
        {
            "path": [
                "root",
                "green-vpn"
            ],
            "outputs": {
                "ip_address": {
                    "sensitive": false,
                    "type": "string",
                    "value": "172.104.43.175"
                }
            },
            "resources": {
                "data.template_file.users": {
                    "type": "template_file",
                    "depends_on": [],
                    "primary": {
                        "id": "5c35895085f376d1cf77bd83b3cf7a6677c615c6912ec377961acd5b53dc110a",
                        "attributes": {
                            "id": "5c35895085f376d1cf77bd83b3cf7a6677c615c6912ec377961acd5b53dc110a",
                            "rendered": "users: [\"left\",\"right\",\"up\",\"down\"]\n",
                            "template": "users: ${users}\n",
                            "vars.%": "1",
                            "vars.users": "[\"left\",\"right\",\"up\",\"down\"]"
                        },
                        "meta": {},
                        "tainted": false
                    },
                    "deposed": [],
                    "provider": "provider.template"
                },
                "local_file.users": {
                    "type": "local_file",
                    "depends_on": [
                        "data.template_file.users"
                    ],
                    "primary": {
                        "id": "c0106702c8633873a7fd52af6b27359734aa9291",
                        "attributes": {
                            "content": "users: [\"left\",\"right\",\"up\",\"down\"]\n",
                            "filename": "/Users/laker/src/akerl/linode-account/.configs/green.cfg",
                            "id": "c0106702c8633873a7fd52af6b27359734aa9291"
                        },
                        "meta": {},
                        "tainted": false
                    },
                    "deposed": [],
                    "provider": "provider.local"
                },
                "null_resource.configuration": {
                    "type": "null_resource",
                    "depends_on": [
                        "local_file.users",
                        "module.vm"
                    ],
                    "primary": {
                        "id": "1472767627648755584",
                        "attributes": {
                            "id": "1472767627648755584",
                            "triggers.%": "2",
                            "triggers.ip_address": "172.104.43.175",
                            "triggers.linode_id": "13509741"
                        },
                        "meta": {},
                        "tainted": false
                    },
                    "deposed": [],
                    "provider": "provider.null"
                }
            },
            "depends_on": []
        },
        {
            "path": [
                "root",
                "pink-vpn"
            ],
            "outputs": {},
            "resources": {
                "data.template_file.users": {
                    "type": "template_file",
                    "depends_on": [],
                    "primary": {
                        "id": "5c35895085f376d1cf77bd83b3cf7a6677c615c6912ec377961acd5b53dc110a",
                        "attributes": {
                            "id": "5c35895085f376d1cf77bd83b3cf7a6677c615c6912ec377961acd5b53dc110a",
                            "rendered": "users: [\"left\",\"right\",\"up\",\"down\"]\n",
                            "template": "users: ${users}\n",
                            "vars.%": "1",
                            "vars.users": "[\"left\",\"right\",\"up\",\"down\"]"
                        },
                        "meta": {},
                        "tainted": false
                    },
                    "deposed": [],
                    "provider": "provider.template"
                },
                "local_file.users": {
                    "type": "local_file",
                    "depends_on": [
                        "data.template_file.users"
                    ],
                    "primary": {
                        "id": "c0106702c8633873a7fd52af6b27359734aa9291",
                        "attributes": {
                            "content": "users: [\"left\",\"right\",\"up\",\"down\"]\n",
                            "filename": "/Users/laker/src/akerl/linode-account/.configs/pink.cfg",
                            "id": "c0106702c8633873a7fd52af6b27359734aa9291"
                        },
                        "meta": {},
                        "tainted": false
                    },
                    "deposed": [],
                    "provider": "provider.local"
                }
            },
            "depends_on": []
        },
        {
            "path": [
                "root",
                "red-vpn"
            ],
            "outputs": {
                "ip_address": {
                    "sensitive": false,
                    "type": "string",
                    "value": "173.255.232.162"
                }
            },
            "resources": {
                "data.template_file.users": {
                    "type": "template_file",
                    "depends_on": [],
                    "primary": {
                        "id": "5c35895085f376d1cf77bd83b3cf7a6677c615c6912ec377961acd5b53dc110a",
                        "attributes": {
                            "id": "5c35895085f376d1cf77bd83b3cf7a6677c615c6912ec377961acd5b53dc110a",
                            "rendered": "users: [\"left\",\"right\",\"up\",\"down\"]\n",
                            "template": "users: ${users}\n",
                            "vars.%": "1",
                            "vars.users": "[\"left\",\"right\",\"up\",\"down\"]"
                        },
                        "meta": {},
                        "tainted": false
                    },
                    "deposed": [],
                    "provider": "provider.template"
                },
                "local_file.users": {
                    "type": "local_file",
                    "depends_on": [
                        "data.template_file.users"
                    ],
                    "primary": {
                        "id": "c0106702c8633873a7fd52af6b27359734aa9291",
                        "attributes": {
                            "content": "users: [\"left\",\"right\",\"up\",\"down\"]\n",
                            "filename": "/Users/laker/src/akerl/linode-account/.configs/red.cfg",
                            "id": "c0106702c8633873a7fd52af6b27359734aa9291"
                        },
                        "meta": {},
                        "tainted": false
                    },
                    "deposed": [],
                    "provider": "provider.local"
                },
                "null_resource.configuration": {
                    "type": "null_resource",
                    "depends_on": [
                        "local_file.users",
                        "module.vm"
                    ],
                    "primary": {
                        "id": "3746537868101640602",
                        "attributes": {
                            "id": "3746537868101640602",
                            "triggers.%": "2",
                            "triggers.ip_address": "173.255.232.162",
                            "triggers.linode_id": "13509165"
                        },
                        "meta": {},
                        "tainted": false
                    },
                    "deposed": [],
                    "provider": "provider.null"
                }
            },
            "depends_on": []
        },
        {
            "path": [
                "root",
                "green-vpn",
                "vm"
            ],
            "outputs": {
                "disk_id": {
                    "sensitive": false,
                    "type": "string",
                    "value": "28159722"
                },
                "ip_address": {
                    "sensitive": false,
                    "type": "string",
                    "value": "172.104.43.175"
                },
                "linode_id": {
                    "sensitive": false,
                    "type": "string",
                    "value": "13509741"
                }
            },
            "resources": {
                "linode_instance.vpn": {
                    "type": "linode_instance",
                    "depends_on": [],
                    "primary": {
                        "id": "13509741",
                        "attributes": {
                            "alerts.#": "1",
                            "alerts.0.cpu": "90",
                            "alerts.0.io": "10000",
                            "alerts.0.network_in": "10",
                            "alerts.0.network_out": "10",
                            "alerts.0.transfer_quota": "80",
                            "backups.#": "1",
                            "boot_config_label": "default",
                            "config.#": "1",
                            "config.0.comments": "",
                            "config.0.devices.#": "1",
                            "config.0.devices.0.sda.#": "1",
                            "config.0.devices.0.sda.0.disk_id": "28159722",
                            "config.0.devices.0.sda.0.disk_label": "root",
                            "config.0.devices.0.sda.0.volume_id": "0",
                            "config.0.devices.0.sdb.#": "0",
                            "config.0.devices.0.sdc.#": "0",
                            "config.0.devices.0.sdd.#": "0",
                            "config.0.devices.0.sde.#": "0",
                            "config.0.devices.0.sdf.#": "0",
                            "config.0.devices.0.sdg.#": "0",
                            "config.0.devices.0.sdh.#": "0",
                            "config.0.helpers.#": "1",
                            "config.0.helpers.0.devtmpfs_automount": "true",
                            "config.0.helpers.0.distro": "true",
                            "config.0.helpers.0.modules_dep": "true",
                            "config.0.helpers.0.network": "true",
                            "config.0.helpers.0.updatedb_disabled": "true",
                            "config.0.kernel": "linode/grub2",
                            "config.0.label": "default",
                            "config.0.memory_limit": "0",
                            "config.0.root_device": "/dev/root",
                            "config.0.run_level": "default",
                            "config.0.virt_mode": "paravirt",
                            "disk.#": "1",
                            "disk.0.authorized_keys.#": "0",
                            "disk.0.authorized_users.#": "0",
                            "disk.0.filesystem": "ext4",
                            "disk.0.id": "28159722",
                            "disk.0.image": "",
                            "disk.0.label": "root",
                            "disk.0.read_only": "false",
                            "disk.0.root_pass": "",
                            "disk.0.size": "10240",
                            "disk.0.stackscript_data.%": "0",
                            "disk.0.stackscript_id": "0",
                            "group": "",
                            "id": "13509741",
                            "ip_address": "172.104.43.175",
                            "ipv4.#": "1",
                            "ipv4.1044189714": "172.104.43.175",
                            "ipv6": "2400:8901::f03c:91ff:fe46:bf64/64",
                            "label": "green-wg",
                            "private_ip": "false",
                            "region": "ap-south",
                            "specs.#": "1",
                            "specs.0.disk": "51200",
                            "specs.0.memory": "2048",
                            "specs.0.transfer": "2000",
                            "specs.0.vcpus": "1",
                            "status": "running",
                            "swap_size": "0",
                            "tags.#": "0",
                            "type": "g6-standard-1",
                            "watchdog_enabled": "true"
                        },
                        "meta": {
                            "e2bfb730-ecaa-11e6-8f88-34363bc7c4c0": {
                                "create": 600000000000,
                                "delete": 600000000000,
                                "update": 1200000000000
                            }
                        },
                        "tainted": false
                    },
                    "deposed": [],
                    "provider": "provider.linode"
                }
            },
            "depends_on": []
        },
        {
            "path": [
                "root",
                "pink-vpn",
                "vm"
            ],
            "outputs": {},
            "resources": {
                "linode_instance.vpn": {
                    "type": "linode_instance",
                    "depends_on": [],
                    "primary": {
                        "id": "13509966",
                        "attributes": {
                            "alerts.#": "1",
                            "alerts.0.cpu": "90",
                            "alerts.0.io": "10000",
                            "alerts.0.network_in": "10",
                            "alerts.0.network_out": "10",
                            "alerts.0.transfer_quota": "80",
                            "backups.#": "1",
                            "boot_config_label": "default",
                            "config.#": "1",
                            "config.0.comments": "",
                            "config.0.devices.#": "1",
                            "config.0.devices.0.sda.#": "1",
                            "config.0.devices.0.sda.0.disk_id": "28160137",
                            "config.0.devices.0.sda.0.disk_label": "root",
                            "config.0.devices.0.sda.0.volume_id": "0",
                            "config.0.devices.0.sdb.#": "0",
                            "config.0.devices.0.sdc.#": "0",
                            "config.0.devices.0.sdd.#": "0",
                            "config.0.devices.0.sde.#": "0",
                            "config.0.devices.0.sdf.#": "0",
                            "config.0.devices.0.sdg.#": "0",
                            "config.0.devices.0.sdh.#": "0",
                            "config.0.helpers.#": "1",
                            "config.0.helpers.0.devtmpfs_automount": "true",
                            "config.0.helpers.0.distro": "true",
                            "config.0.helpers.0.modules_dep": "true",
                            "config.0.helpers.0.network": "true",
                            "config.0.helpers.0.updatedb_disabled": "true",
                            "config.0.kernel": "linode/grub2",
                            "config.0.label": "default",
                            "config.0.memory_limit": "0",
                            "config.0.root_device": "/dev/root",
                            "config.0.run_level": "default",
                            "config.0.virt_mode": "paravirt",
                            "disk.#": "1",
                            "disk.0.authorized_keys.#": "0",
                            "disk.0.authorized_users.#": "0",
                            "disk.0.filesystem": "ext4",
                            "disk.0.id": "28160137",
                            "disk.0.image": "",
                            "disk.0.label": "root",
                            "disk.0.read_only": "false",
                            "disk.0.root_pass": "",
                            "disk.0.size": "10240",
                            "disk.0.stackscript_data.%": "0",
                            "disk.0.stackscript_id": "0",
                            "group": "",
                            "id": "13509966",
                            "ip_address": "212.71.233.52",
                            "ipv4.#": "1",
                            "ipv4.1462287751": "212.71.233.52",
                            "ipv6": "2a01:7e00::f03c:91ff:fe46:32a2/64",
                            "label": "pink-wg",
                            "private_ip": "false",
                            "region": "eu-west",
                            "specs.#": "1",
                            "specs.0.disk": "51200",
                            "specs.0.memory": "2048",
                            "specs.0.transfer": "2000",
                            "specs.0.vcpus": "1",
                            "status": "running",
                            "swap_size": "0",
                            "tags.#": "0",
                            "type": "g6-standard-1",
                            "watchdog_enabled": "true"
                        },
                        "meta": {
                            "e2bfb730-ecaa-11e6-8f88-34363bc7c4c0": {
                                "create": 600000000000,
                                "delete": 600000000000,
                                "update": 1200000000000
                            }
                        },
                        "tainted": true
                    },
                    "deposed": [],
                    "provider": "provider.linode"
                }
            },
            "depends_on": []
        },
        {
            "path": [
                "root",
                "red-vpn",
                "vm"
            ],
            "outputs": {
                "disk_id": {
                    "sensitive": false,
                    "type": "string",
                    "value": "28158573"
                },
                "ip_address": {
                    "sensitive": false,
                    "type": "string",
                    "value": "173.255.232.162"
                },
                "linode_id": {
                    "sensitive": false,
                    "type": "string",
                    "value": "13509165"
                }
            },
            "resources": {
                "linode_instance.vpn": {
                    "type": "linode_instance",
                    "depends_on": [],
                    "primary": {
                        "id": "13509165",
                        "attributes": {
                            "alerts.#": "1",
                            "alerts.0.cpu": "90",
                            "alerts.0.io": "10000",
                            "alerts.0.network_in": "10",
                            "alerts.0.network_out": "10",
                            "alerts.0.transfer_quota": "80",
                            "backups.#": "1",
                            "boot_config_label": "default",
                            "config.#": "1",
                            "config.0.comments": "",
                            "config.0.devices.#": "1",
                            "config.0.devices.0.sda.#": "1",
                            "config.0.devices.0.sda.0.disk_id": "28158573",
                            "config.0.devices.0.sda.0.disk_label": "root",
                            "config.0.devices.0.sda.0.volume_id": "0",
                            "config.0.devices.0.sdb.#": "0",
                            "config.0.devices.0.sdc.#": "0",
                            "config.0.devices.0.sdd.#": "0",
                            "config.0.devices.0.sde.#": "0",
                            "config.0.devices.0.sdf.#": "0",
                            "config.0.devices.0.sdg.#": "0",
                            "config.0.devices.0.sdh.#": "0",
                            "config.0.helpers.#": "1",
                            "config.0.helpers.0.devtmpfs_automount": "true",
                            "config.0.helpers.0.distro": "true",
                            "config.0.helpers.0.modules_dep": "true",
                            "config.0.helpers.0.network": "true",
                            "config.0.helpers.0.updatedb_disabled": "true",
                            "config.0.kernel": "linode/grub2",
                            "config.0.label": "default",
                            "config.0.memory_limit": "0",
                            "config.0.root_device": "/dev/root",
                            "config.0.run_level": "default",
                            "config.0.virt_mode": "paravirt",
                            "disk.#": "1",
                            "disk.0.authorized_keys.#": "0",
                            "disk.0.authorized_users.#": "0",
                            "disk.0.filesystem": "ext4",
                            "disk.0.id": "28158573",
                            "disk.0.image": "",
                            "disk.0.label": "root",
                            "disk.0.read_only": "false",
                            "disk.0.root_pass": "",
                            "disk.0.size": "10240",
                            "disk.0.stackscript_data.%": "0",
                            "disk.0.stackscript_id": "0",
                            "group": "",
                            "id": "13509165",
                            "ip_address": "173.255.232.162",
                            "ipv4.#": "1",
                            "ipv4.1118711793": "173.255.232.162",
                            "ipv6": "2600:3c03::f03c:91ff:fe46:a55e/64",
                            "label": "red-wg",
                            "private_ip": "false",
                            "region": "us-east",
                            "specs.#": "1",
                            "specs.0.disk": "51200",
                            "specs.0.memory": "2048",
                            "specs.0.transfer": "2000",
                            "specs.0.vcpus": "1",
                            "status": "running",
                            "swap_size": "0",
                            "tags.#": "0",
                            "type": "g6-standard-1",
                            "watchdog_enabled": "true"
                        },
                        "meta": {
                            "e2bfb730-ecaa-11e6-8f88-34363bc7c4c0": {
                                "create": 600000000000,
                                "delete": 600000000000,
                                "update": 1200000000000
                            }
                        },
                        "tainted": false
                    },
                    "deposed": [],
                    "provider": "provider.linode"
                }
            },
            "depends_on": []
        }
    ]
}
