{
    "version": 3,
    "terraform_version": "0.11.13",
    "serial": 58,
    "lineage": "142a6ab7-53ac-02fe-3a43-6930a1c7b8f9",
    "modules": [
        {
            "path": [
                "root"
            ],
            "outputs": {
                "codepad_address": {
                    "sensitive": false,
                    "type": "string",
                    "value": "45.33.89.23"
                }
            },
            "resources": {
                "data.external.ssh_keys": {
                    "type": "external",
                    "depends_on": [],
                    "primary": {
                        "id": "-",
                        "attributes": {
                            "id": "-",
                            "program.#": "1",
                            "program.0": "./assets/get_ssh_keys.sh",
                            "result.%": "3",
                            "result.bean": "ssh-ed25519 AAAAC3NzaC1lZDI1NTE5AAAAIPrm9UdL04EOBdgpluugFsai+PMIqF2tNmVH757JHH3I",
                            "result.ela": "ssh-ed25519 AAAAC3NzaC1lZDI1NTE5AAAAIMiMa3L8APp5TkMGWHZgjw/LLvqFQiYLqyIKVSDSrqiN",
                            "result.mazer": "ssh-ed25519 AAAAC3NzaC1lZDI1NTE5AAAAIPkiSoS5U0Zef2hRKzZ8jk3KIMT5pAiNTMPXf1HzbGZh"
                        },
                        "meta": {},
                        "tainted": false
                    },
                    "deposed": [],
                    "provider": "provider.external"
                },
                "data.linode_profile.profile": {
                    "type": "linode_profile",
                    "depends_on": [],
                    "primary": {
                        "id": "770937",
                        "attributes": {
                            "authorized_keys.#": "1",
                            "authorized_keys.0": "ssh-ed25519 AAAAC3NzaC1lZDI1NTE5AAAAIPrm9UdL04EOBdgpluugFsai+PMIqF2tNmVH757JHH3I akerl@bean",
                            "email": "me@lesaker.org",
                            "email_notifications": "true",
                            "id": "770937",
                            "ip_whitelist_enabled": "false",
                            "lish_auth_method": "keys_only",
                            "referrals.#": "1",
                            "referrals.0.code": "f227109176ce87940f3b9697940a0fa0472c4b43",
                            "referrals.0.completed": "0",
                            "referrals.0.credit": "0",
                            "referrals.0.pending": "0",
                            "referrals.0.total": "0",
                            "referrals.0.url": "https://www.linode.com/?r=f227109176ce87940f3b9697940a0fa0472c4b43",
                            "restricted": "false",
                            "timezone": "US/Eastern",
                            "two_factor_auth": "true",
                            "username": "akerl"
                        },
                        "meta": {},
                        "tainted": false
                    },
                    "deposed": [],
                    "provider": "provider.linode"
                },
                "linode_domain.wg": {
                    "type": "linode_domain",
                    "depends_on": [],
                    "primary": {
                        "id": "1219892",
                        "attributes": {
                            "description": "",
                            "domain": "wg.scrtybybscrty.org",
                            "expire_sec": "0",
                            "group": "",
                            "id": "1219892",
                            "master_ips.#": "0",
                            "refresh_sec": "0",
                            "retry_sec": "0",
                            "soa_email": "me@lesaker.org",
                            "status": "active",
                            "tags.#": "0",
                            "ttl_sec": "0",
                            "type": "master"
                        },
                        "meta": {},
                        "tainted": false
                    },
                    "deposed": [],
                    "provider": "provider.linode"
                },
                "linode_instance.codepad": {
                    "type": "linode_instance",
                    "depends_on": [
                        "data.external.ssh_key"
                    ],
                    "primary": {
                        "id": "12945190",
                        "attributes": {
                            "alerts.#": "1",
                            "alerts.0.cpu": "90",
                            "alerts.0.io": "10000",
                            "alerts.0.network_in": "10",
                            "alerts.0.network_out": "10",
                            "alerts.0.transfer_quota": "80",
                            "backups.#": "1",
                            "boot_config_label": "default",
                            "config.#": "1",
                            "config.0.comments": "",
                            "config.0.devices.#": "1",
                            "config.0.devices.0.sda.#": "1",
                            "config.0.devices.0.sda.0.disk_id": "27043787",
                            "config.0.devices.0.sda.0.disk_label": "root",
                            "config.0.devices.0.sda.0.volume_id": "0",
                            "config.0.devices.0.sdb.#": "0",
                            "config.0.devices.0.sdc.#": "0",
                            "config.0.devices.0.sdd.#": "0",
                            "config.0.devices.0.sde.#": "0",
                            "config.0.devices.0.sdf.#": "0",
                            "config.0.devices.0.sdg.#": "0",
                            "config.0.devices.0.sdh.#": "0",
                            "config.0.helpers.#": "1",
                            "config.0.helpers.0.devtmpfs_automount": "true",
                            "config.0.helpers.0.distro": "true",
                            "config.0.helpers.0.modules_dep": "true",
                            "config.0.helpers.0.network": "true",
                            "config.0.helpers.0.updatedb_disabled": "true",
                            "config.0.kernel": "linode/grub2",
                            "config.0.label": "default",
                            "config.0.memory_limit": "0",
                            "config.0.root_device": "/dev/root",
                            "config.0.run_level": "default",
                            "config.0.virt_mode": "paravirt",
                            "disk.#": "1",
                            "disk.0.authorized_keys.#": "0",
                            "disk.0.authorized_users.#": "0",
                            "disk.0.filesystem": "ext4",
                            "disk.0.id": "27043787",
                            "disk.0.image": "",
                            "disk.0.label": "root",
                            "disk.0.read_only": "false",
                            "disk.0.root_pass": "",
                            "disk.0.size": "102400",
                            "disk.0.stackscript_data.%": "0",
                            "disk.0.stackscript_id": "0",
                            "group": "",
                            "id": "12945190",
                            "ip_address": "45.33.89.23",
                            "ipv4.#": "1",
                            "ipv4.2169884593": "45.33.89.23",
                            "ipv6": "2600:3c03::f03c:91ff:feed:3aac/64",
                            "label": "codepad",
                            "private_ip": "false",
                            "region": "us-east",
                            "specs.#": "1",
                            "specs.0.disk": "163840",
                            "specs.0.memory": "8192",
                            "specs.0.transfer": "5000",
                            "specs.0.vcpus": "4",
                            "status": "running",
                            "swap_size": "0",
                            "tags.#": "0",
                            "type": "g6-standard-4",
                            "watchdog_enabled": "true"
                        },
                        "meta": {
                            "e2bfb730-ecaa-11e6-8f88-34363bc7c4c0": {
                                "create": 600000000000,
                                "delete": 600000000000,
                                "update": 1200000000000
                            }
                        },
                        "tainted": false
                    },
                    "deposed": [],
                    "provider": "provider.linode"
                },
                "linode_sshkey.keys.0": {
                    "type": "linode_sshkey",
                    "depends_on": [
                        "data.external.ssh_keys"
                    ],
                    "primary": {
                        "id": "3138",
                        "attributes": {
                            "created": "2019-04-02T18:52:45Z",
                            "id": "3138",
                            "label": "bean",
                            "ssh_key": "ssh-ed25519 AAAAC3NzaC1lZDI1NTE5AAAAIPrm9UdL04EOBdgpluugFsai+PMIqF2tNmVH757JHH3I"
                        },
                        "meta": {},
                        "tainted": false
                    },
                    "deposed": [],
                    "provider": "provider.linode"
                },
                "linode_sshkey.keys.1": {
                    "type": "linode_sshkey",
                    "depends_on": [
                        "data.external.ssh_keys"
                    ],
                    "primary": {
                        "id": "3139",
                        "attributes": {
                            "created": "2019-04-02T18:52:45Z",
                            "id": "3139",
                            "label": "ela",
                            "ssh_key": "ssh-ed25519 AAAAC3NzaC1lZDI1NTE5AAAAIMiMa3L8APp5TkMGWHZgjw/LLvqFQiYLqyIKVSDSrqiN"
                        },
                        "meta": {},
                        "tainted": false
                    },
                    "deposed": [],
                    "provider": "provider.linode"
                },
                "linode_sshkey.keys.2": {
                    "type": "linode_sshkey",
                    "depends_on": [
                        "data.external.ssh_keys"
                    ],
                    "primary": {
                        "id": "3137",
                        "attributes": {
                            "created": "2019-04-02T18:52:45Z",
                            "id": "3137",
                            "label": "mazer",
                            "ssh_key": "ssh-ed25519 AAAAC3NzaC1lZDI1NTE5AAAAIPkiSoS5U0Zef2hRKzZ8jk3KIMT5pAiNTMPXf1HzbGZh"
                        },
                        "meta": {},
                        "tainted": false
                    },
                    "deposed": [],
                    "provider": "provider.linode"
                }
            },
            "depends_on": []
        }
    ]
}
