{
    "version": 3,
    "terraform_version": "0.11.13",
    "serial": 30,
    "lineage": "142a6ab7-53ac-02fe-3a43-6930a1c7b8f9",
    "modules": [
        {
            "path": [
                "root"
            ],
            "outputs": {
                "codepad_address": {
                    "sensitive": false,
                    "type": "string",
                    "value": "45.33.89.23"
                },
                "gray-vpn-address": {
                    "sensitive": false,
                    "type": "string",
                    "value": "212.71.249.243"
                }
            },
            "resources": {
                "data.external.ssh_key": {
                    "type": "external",
                    "depends_on": [],
                    "primary": {
                        "id": "-",
                        "attributes": {
                            "id": "-",
                            "program.#": "1",
                            "program.0": "./assets/get_ssh_key.sh",
                            "result.%": "1",
                            "result.public_key": "ssh-ed25519 AAAAC3NzaC1lZDI1NTE5AAAAIPkiSoS5U0Zef2hRKzZ8jk3KIMT5pAiNTMPXf1HzbGZh"
                        },
                        "meta": {},
                        "tainted": false
                    },
                    "deposed": [],
                    "provider": "provider.external"
                },
                "linode_instance.codepad": {
                    "type": "linode_instance",
                    "depends_on": [
                        "data.external.ssh_key"
                    ],
                    "primary": {
                        "id": "12945190",
                        "attributes": {
                            "alerts.#": "1",
                            "alerts.0.cpu": "90",
                            "alerts.0.io": "10000",
                            "alerts.0.network_in": "10",
                            "alerts.0.network_out": "10",
                            "alerts.0.transfer_quota": "80",
                            "backups.#": "1",
                            "boot_config_label": "default",
                            "config.#": "1",
                            "config.0.comments": "",
                            "config.0.devices.#": "1",
                            "config.0.devices.0.sda.#": "1",
                            "config.0.devices.0.sda.0.disk_id": "27043787",
                            "config.0.devices.0.sda.0.disk_label": "root",
                            "config.0.devices.0.sda.0.volume_id": "0",
                            "config.0.devices.0.sdb.#": "0",
                            "config.0.devices.0.sdc.#": "0",
                            "config.0.devices.0.sdd.#": "0",
                            "config.0.devices.0.sde.#": "0",
                            "config.0.devices.0.sdf.#": "0",
                            "config.0.devices.0.sdg.#": "0",
                            "config.0.devices.0.sdh.#": "0",
                            "config.0.helpers.#": "1",
                            "config.0.helpers.0.devtmpfs_automount": "true",
                            "config.0.helpers.0.distro": "true",
                            "config.0.helpers.0.modules_dep": "true",
                            "config.0.helpers.0.network": "true",
                            "config.0.helpers.0.updatedb_disabled": "true",
                            "config.0.kernel": "linode/grub2",
                            "config.0.label": "default",
                            "config.0.memory_limit": "0",
                            "config.0.root_device": "/dev/root",
                            "config.0.run_level": "default",
                            "config.0.virt_mode": "paravirt",
                            "disk.#": "1",
                            "disk.0.authorized_keys.#": "0",
                            "disk.0.authorized_users.#": "0",
                            "disk.0.filesystem": "ext4",
                            "disk.0.id": "27043787",
                            "disk.0.image": "",
                            "disk.0.label": "root",
                            "disk.0.read_only": "false",
                            "disk.0.root_pass": "",
                            "disk.0.size": "102400",
                            "disk.0.stackscript_data.%": "0",
                            "disk.0.stackscript_id": "0",
                            "group": "",
                            "id": "12945190",
                            "ip_address": "45.33.89.23",
                            "ipv4.#": "1",
                            "ipv4.2169884593": "45.33.89.23",
                            "ipv6": "2600:3c03::f03c:91ff:feed:3aac/64",
                            "label": "codepad",
                            "private_ip": "false",
                            "region": "us-east",
                            "specs.#": "1",
                            "specs.0.disk": "163840",
                            "specs.0.memory": "8192",
                            "specs.0.transfer": "5000",
                            "specs.0.vcpus": "4",
                            "status": "running",
                            "swap_size": "0",
                            "tags.#": "0",
                            "type": "g6-standard-4",
                            "watchdog_enabled": "true"
                        },
                        "meta": {
                            "e2bfb730-ecaa-11e6-8f88-34363bc7c4c0": {
                                "create": 600000000000,
                                "delete": 600000000000,
                                "update": 1200000000000
                            }
                        },
                        "tainted": false
                    },
                    "deposed": [],
                    "provider": "provider.linode"
                }
            },
            "depends_on": []
        },
        {
            "path": [
                "root",
                "algo-test"
            ],
            "outputs": {
                "ip_address": {
                    "sensitive": false,
                    "type": "string",
                    "value": "109.74.205.79"
                }
            },
            "resources": {
                "data.template_file.config": {
                    "type": "template_file",
                    "depends_on": [
                        "module.vm"
                    ],
                    "primary": {
                        "id": "aefcb05d60138aeaefe290a105ed48ee9bc185f2c690dbf92f538024a61a6e5b",
                        "attributes": {
                            "id": "aefcb05d60138aeaefe290a105ed48ee9bc185f2c690dbf92f538024a61a6e5b",
                            "rendered": "---\nprovider: local\nserver: localhost\nendpoint: 109.74.205.79\n\nusers: [\"left\",\"right\",\"up\",\"down\"]\n\nssh_tunneling: false\nipsec_enabled: false\n\nwireguard_enabled: true\nwireguard_port: 51820\nreduce_mtu: 0\n\nlocal_dns: false\ndns_encryption: true\n\ndnscrypt_servers:\n  ipv4:\n    - google\n  ipv6: []\n\nlocal_service_ip: 172.16.0.1\n\nunattended_reboot:\n  enabled: true\n  time: 2:00\n\nBetweenClients_DROP: true\n\ncongrats:\n  common: \"# Algo setup complete\"\n  p12_pass: \"\"\n\ncloud_providers:\n  local:\n\nfail_hint:\n  - Sorry, but something went wrong!\n",
                            "template": "---\nprovider: local\nserver: localhost\nendpoint: ${ip_address}\n\nusers: ${userlist}\n\nssh_tunneling: false\nipsec_enabled: false\n\nwireguard_enabled: true\nwireguard_port: 51820\nreduce_mtu: 0\n\nlocal_dns: false\ndns_encryption: true\n\ndnscrypt_servers:\n  ipv4:\n    - google\n  ipv6: []\n\nlocal_service_ip: 172.16.0.1\n\nunattended_reboot:\n  enabled: true\n  time: 2:00\n\nBetweenClients_DROP: true\n\ncongrats:\n  common: \"# Algo setup complete\"\n  p12_pass: \"\"\n\ncloud_providers:\n  local:\n\nfail_hint:\n  - Sorry, but something went wrong!\n",
                            "vars.%": "2",
                            "vars.ip_address": "109.74.205.79",
                            "vars.userlist": "[\"left\",\"right\",\"up\",\"down\"]"
                        },
                        "meta": {},
                        "tainted": false
                    },
                    "deposed": [],
                    "provider": "provider.template"
                },
                "null_resource.configuration": {
                    "type": "null_resource",
                    "depends_on": [
                        "data.template_file.config",
                        "module.vm"
                    ],
                    "primary": {
                        "id": "8498637421347475457",
                        "attributes": {
                            "id": "8498637421347475457",
                            "triggers.%": "3",
                            "triggers.content": "---\nprovider: local\nserver: localhost\nendpoint: 109.74.205.79\n\nusers: [\"left\",\"right\",\"up\",\"down\"]\n\nssh_tunneling: false\nipsec_enabled: false\n\nwireguard_enabled: true\nwireguard_port: 51820\nreduce_mtu: 0\n\nlocal_dns: false\ndns_encryption: true\n\ndnscrypt_servers:\n  ipv4:\n    - google\n  ipv6: []\n\nlocal_service_ip: 172.16.0.1\n\nunattended_reboot:\n  enabled: true\n  time: 2:00\n\nBetweenClients_DROP: true\n\ncongrats:\n  common: \"# Algo setup complete\"\n  p12_pass: \"\"\n\ncloud_providers:\n  local:\n\nfail_hint:\n  - Sorry, but something went wrong!\n",
                            "triggers.ip_address": "109.74.205.79",
                            "triggers.linode_id": "13471412"
                        },
                        "meta": {},
                        "tainted": false
                    },
                    "deposed": [],
                    "provider": "provider.null"
                }
            },
            "depends_on": []
        },
        {
            "path": [
                "root",
                "gray-vpn"
            ],
            "outputs": {
                "ip_address": {
                    "sensitive": false,
                    "type": "string",
                    "value": "212.71.249.243"
                }
            },
            "resources": {
                "data.template_file.config": {
                    "type": "template_file",
                    "depends_on": [
                        "module.vm"
                    ],
                    "primary": {
                        "id": "5c35895085f376d1cf77bd83b3cf7a6677c615c6912ec377961acd5b53dc110a",
                        "attributes": {
                            "id": "5c35895085f376d1cf77bd83b3cf7a6677c615c6912ec377961acd5b53dc110a",
                            "rendered": "users: [\"left\",\"right\",\"up\",\"down\"]\n",
                            "template": "users: ${userlist}\n",
                            "vars.%": "2",
                            "vars.ip_address": "212.71.249.243",
                            "vars.userlist": "[\"left\",\"right\",\"up\",\"down\"]"
                        },
                        "meta": {},
                        "tainted": false
                    },
                    "deposed": [],
                    "provider": "provider.template"
                },
                "null_resource.configuration": {
                    "type": "null_resource",
                    "depends_on": [
                        "data.template_file.config",
                        "module.vm"
                    ],
                    "primary": {
                        "id": "8267906341487665410",
                        "attributes": {
                            "id": "8267906341487665410",
                            "triggers.%": "3",
                            "triggers.content": "users: [\"left\",\"right\",\"up\",\"down\"]\n",
                            "triggers.ip_address": "212.71.249.243",
                            "triggers.linode_id": "13449965"
                        },
                        "meta": {},
                        "tainted": false
                    },
                    "deposed": [],
                    "provider": "provider.null"
                }
            },
            "depends_on": []
        },
        {
            "path": [
                "root",
                "wg-test3"
            ],
            "outputs": {
                "ip_address": {
                    "sensitive": false,
                    "type": "string",
                    "value": "139.162.250.65"
                }
            },
            "resources": {
                "data.template_file.config": {
                    "type": "template_file",
                    "depends_on": [
                        "module.vm"
                    ],
                    "primary": {
                        "id": "5c35895085f376d1cf77bd83b3cf7a6677c615c6912ec377961acd5b53dc110a",
                        "attributes": {
                            "id": "5c35895085f376d1cf77bd83b3cf7a6677c615c6912ec377961acd5b53dc110a",
                            "rendered": "users: [\"left\",\"right\",\"up\",\"down\"]\n",
                            "template": "users: ${userlist}\n",
                            "vars.%": "2",
                            "vars.ip_address": "139.162.250.65",
                            "vars.userlist": "[\"left\",\"right\",\"up\",\"down\"]"
                        },
                        "meta": {},
                        "tainted": false
                    },
                    "deposed": [],
                    "provider": "provider.template"
                },
                "null_resource.configuration": {
                    "type": "null_resource",
                    "depends_on": [
                        "data.template_file.config",
                        "module.vm"
                    ],
                    "primary": {
                        "id": "3973324641210269787",
                        "attributes": {
                            "id": "3973324641210269787",
                            "triggers.%": "3",
                            "triggers.content": "users: [\"left\",\"right\",\"up\",\"down\"]\n",
                            "triggers.ip_address": "139.162.250.65",
                            "triggers.linode_id": "13473085"
                        },
                        "meta": {},
                        "tainted": false
                    },
                    "deposed": [],
                    "provider": "provider.null"
                }
            },
            "depends_on": []
        },
        {
            "path": [
                "root",
                "algo-test",
                "vm"
            ],
            "outputs": {
                "disk_id": {
                    "sensitive": false,
                    "type": "string",
                    "value": "28082279"
                },
                "ip_address": {
                    "sensitive": false,
                    "type": "string",
                    "value": "109.74.205.79"
                },
                "linode_id": {
                    "sensitive": false,
                    "type": "string",
                    "value": "13471412"
                }
            },
            "resources": {
                "data.template_file.setup": {
                    "type": "template_file",
                    "depends_on": [],
                    "primary": {
                        "id": "58034917b76c59cd3825f2db0bcac00629db176ea02ec4e705aed1868642f8f4",
                        "attributes": {
                            "id": "58034917b76c59cd3825f2db0bcac00629db176ea02ec4e705aed1868642f8f4",
                            "rendered": "#!/usr/bin/env bash\n\nset -euo pipefail\n\nresize2fs /dev/sda\n\nexport DEBIAN_FRONTEND=noninteractive\n\nrm /etc/ssh/ssh_host*\nssh-keygen -A\n\napt update\napt upgrade -y\napt autoremove -y\napt install -y python-pip build-essential python-dev python-virtualenv\n\nsystemctl restart sshd\n\nALGO_DIR=/opt/algo\n[[ -e \"$ALGO_DIR\" ]] \u0026\u0026 rm -rf \"$ALGO_DIR\"\ngit clone \"https://github.com/akerl/algo\" \"$ALGO_DIR\"\n\n",
                            "template": "#!/usr/bin/env bash\n\nset -euo pipefail\n\nresize2fs /dev/sda\n\nexport DEBIAN_FRONTEND=noninteractive\n\nrm /etc/ssh/ssh_host*\nssh-keygen -A\n\napt update\napt upgrade -y\napt autoremove -y\napt install -y python-pip build-essential python-dev python-virtualenv\n\nsystemctl restart sshd\n\nALGO_DIR=/opt/algo\n[[ -e \"$ALGO_DIR\" ]] \u0026\u0026 rm -rf \"$ALGO_DIR\"\ngit clone \"${algo_repo}\" \"$ALGO_DIR\"\n\n",
                            "vars.%": "1",
                            "vars.algo_repo": "https://github.com/akerl/algo"
                        },
                        "meta": {},
                        "tainted": false
                    },
                    "deposed": [],
                    "provider": "provider.template"
                },
                "linode_instance.algo": {
                    "type": "linode_instance",
                    "depends_on": [
                        "data.template_file.setup"
                    ],
                    "primary": {
                        "id": "13471412",
                        "attributes": {
                            "alerts.#": "1",
                            "alerts.0.cpu": "90",
                            "alerts.0.io": "10000",
                            "alerts.0.network_in": "10",
                            "alerts.0.network_out": "10",
                            "alerts.0.transfer_quota": "80",
                            "backups.#": "1",
                            "boot_config_label": "default",
                            "config.#": "1",
                            "config.0.comments": "",
                            "config.0.devices.#": "1",
                            "config.0.devices.0.sda.#": "1",
                            "config.0.devices.0.sda.0.disk_id": "28082279",
                            "config.0.devices.0.sda.0.disk_label": "root",
                            "config.0.devices.0.sda.0.volume_id": "0",
                            "config.0.devices.0.sdb.#": "0",
                            "config.0.devices.0.sdc.#": "0",
                            "config.0.devices.0.sdd.#": "0",
                            "config.0.devices.0.sde.#": "0",
                            "config.0.devices.0.sdf.#": "0",
                            "config.0.devices.0.sdg.#": "0",
                            "config.0.devices.0.sdh.#": "0",
                            "config.0.helpers.#": "1",
                            "config.0.helpers.0.devtmpfs_automount": "true",
                            "config.0.helpers.0.distro": "true",
                            "config.0.helpers.0.modules_dep": "true",
                            "config.0.helpers.0.network": "true",
                            "config.0.helpers.0.updatedb_disabled": "true",
                            "config.0.kernel": "linode/grub2",
                            "config.0.label": "default",
                            "config.0.memory_limit": "0",
                            "config.0.root_device": "/dev/root",
                            "config.0.run_level": "default",
                            "config.0.virt_mode": "paravirt",
                            "disk.#": "1",
                            "disk.0.authorized_keys.#": "0",
                            "disk.0.authorized_users.#": "0",
                            "disk.0.filesystem": "ext4",
                            "disk.0.id": "28082279",
                            "disk.0.image": "",
                            "disk.0.label": "root",
                            "disk.0.read_only": "false",
                            "disk.0.root_pass": "",
                            "disk.0.size": "10240",
                            "disk.0.stackscript_data.%": "0",
                            "disk.0.stackscript_id": "0",
                            "group": "",
                            "id": "13471412",
                            "ip_address": "109.74.205.79",
                            "ipv4.#": "1",
                            "ipv4.612248115": "109.74.205.79",
                            "ipv6": "2a01:7e00::f03c:91ff:fea5:a525/64",
                            "label": "algo-test-algo",
                            "private_ip": "false",
                            "region": "eu-west",
                            "specs.#": "1",
                            "specs.0.disk": "51200",
                            "specs.0.memory": "2048",
                            "specs.0.transfer": "2000",
                            "specs.0.vcpus": "1",
                            "status": "running",
                            "swap_size": "0",
                            "tags.#": "0",
                            "type": "g6-standard-1",
                            "watchdog_enabled": "true"
                        },
                        "meta": {
                            "e2bfb730-ecaa-11e6-8f88-34363bc7c4c0": {
                                "create": 600000000000,
                                "delete": 600000000000,
                                "update": 1200000000000
                            }
                        },
                        "tainted": false
                    },
                    "deposed": [],
                    "provider": "provider.linode"
                }
            },
            "depends_on": []
        },
        {
            "path": [
                "root",
                "gray-vpn",
                "vm"
            ],
            "outputs": {
                "disk_id": {
                    "sensitive": false,
                    "type": "string",
                    "value": "28038934"
                },
                "ip_address": {
                    "sensitive": false,
                    "type": "string",
                    "value": "212.71.249.243"
                },
                "linode_id": {
                    "sensitive": false,
                    "type": "string",
                    "value": "13449965"
                }
            },
            "resources": {
                "data.template_file.setup": {
                    "type": "template_file",
                    "depends_on": [],
                    "primary": {
                        "id": "ab3e1d2bc1caefb1def213e048fdcab7cdf65a018f48485e00fc5d30a14e94eb",
                        "attributes": {
                            "id": "ab3e1d2bc1caefb1def213e048fdcab7cdf65a018f48485e00fc5d30a14e94eb",
                            "rendered": "#!/usr/bin/env bash\n\nset -euo pipefail\n\nresize2fs /dev/sda\n\nexport DEBIAN_FRONTEND=noninteractive\n\nrm /etc/ssh/ssh_host*\nssh-keygen -A\n\napt update\napt upgrade -y\napt autoremove -y\napt install -y python-pip build-essential python-dev python-virtualenv git vim-nox\n\nsystemctl restart sshd\n\nDEPLOY_DIR=/opt/deploy\n[[ -e \"$DEPLOY_DIR\" ]] \u0026\u0026 rm -rf \"$DEPLOY_DIR\"\ngit clone \"https://github.com/akerl/deploy-wireguard-server\" \"$DEPLOY_DIR\"\n\n(\n    cd \"$DEPLOY_DIR\"\n    virtualenv env\n\n    export PS1=\"\"\n    source env/bin/activate\n    pip install --force-reinstall --no-cache-dir -r requirements.txt\n\n    touch config.cfg\n    ansible-playbook --skip-tags users main.yml\n)\n",
                            "template": "#!/usr/bin/env bash\n\nset -euo pipefail\n\nresize2fs /dev/sda\n\nexport DEBIAN_FRONTEND=noninteractive\n\nrm /etc/ssh/ssh_host*\nssh-keygen -A\n\napt update\napt upgrade -y\napt autoremove -y\napt install -y python-pip build-essential python-dev python-virtualenv git vim-nox\n\nsystemctl restart sshd\n\nDEPLOY_DIR=/opt/deploy\n[[ -e \"$DEPLOY_DIR\" ]] \u0026\u0026 rm -rf \"$DEPLOY_DIR\"\ngit clone \"${deploy_repo}\" \"$DEPLOY_DIR\"\n\n(\n    cd \"$DEPLOY_DIR\"\n    virtualenv env\n\n    export PS1=\"\"\n    source env/bin/activate\n    pip install --force-reinstall --no-cache-dir -r requirements.txt\n\n    touch config.cfg\n    ansible-playbook --skip-tags users main.yml\n)\n",
                            "vars.%": "1",
                            "vars.deploy_repo": "https://github.com/akerl/deploy-wireguard-server"
                        },
                        "meta": {},
                        "tainted": false
                    },
                    "deposed": [],
                    "provider": "provider.template"
                },
                "linode_instance.vpn": {
                    "type": "linode_instance",
                    "depends_on": [
                        "data.template_file.setup"
                    ],
                    "primary": {
                        "id": "13449965",
                        "attributes": {
                            "alerts.#": "1",
                            "alerts.0.cpu": "90",
                            "alerts.0.io": "10000",
                            "alerts.0.network_in": "10",
                            "alerts.0.network_out": "10",
                            "alerts.0.transfer_quota": "80",
                            "backups.#": "1",
                            "boot_config_label": "default",
                            "config.#": "1",
                            "config.0.comments": "",
                            "config.0.devices.#": "1",
                            "config.0.devices.0.sda.#": "1",
                            "config.0.devices.0.sda.0.disk_id": "28038934",
                            "config.0.devices.0.sda.0.disk_label": "root",
                            "config.0.devices.0.sda.0.volume_id": "0",
                            "config.0.devices.0.sdb.#": "0",
                            "config.0.devices.0.sdc.#": "0",
                            "config.0.devices.0.sdd.#": "0",
                            "config.0.devices.0.sde.#": "0",
                            "config.0.devices.0.sdf.#": "0",
                            "config.0.devices.0.sdg.#": "0",
                            "config.0.devices.0.sdh.#": "0",
                            "config.0.helpers.#": "1",
                            "config.0.helpers.0.devtmpfs_automount": "true",
                            "config.0.helpers.0.distro": "true",
                            "config.0.helpers.0.modules_dep": "true",
                            "config.0.helpers.0.network": "true",
                            "config.0.helpers.0.updatedb_disabled": "true",
                            "config.0.kernel": "linode/grub2",
                            "config.0.label": "default",
                            "config.0.memory_limit": "0",
                            "config.0.root_device": "/dev/root",
                            "config.0.run_level": "default",
                            "config.0.virt_mode": "paravirt",
                            "disk.#": "1",
                            "disk.0.authorized_keys.#": "0",
                            "disk.0.authorized_users.#": "0",
                            "disk.0.filesystem": "ext4",
                            "disk.0.id": "28038934",
                            "disk.0.image": "",
                            "disk.0.label": "root",
                            "disk.0.read_only": "false",
                            "disk.0.root_pass": "",
                            "disk.0.size": "10240",
                            "disk.0.stackscript_data.%": "0",
                            "disk.0.stackscript_id": "0",
                            "group": "",
                            "id": "13449965",
                            "ip_address": "212.71.249.243",
                            "ipv4.#": "1",
                            "ipv4.624814972": "212.71.249.243",
                            "ipv6": "2a01:7e00::f03c:91ff:fea5:38cd/64",
                            "label": "gray-wg",
                            "private_ip": "false",
                            "region": "eu-west",
                            "specs.#": "1",
                            "specs.0.disk": "51200",
                            "specs.0.memory": "2048",
                            "specs.0.transfer": "2000",
                            "specs.0.vcpus": "1",
                            "status": "running",
                            "swap_size": "0",
                            "tags.#": "0",
                            "type": "g6-standard-1",
                            "watchdog_enabled": "true"
                        },
                        "meta": {
                            "e2bfb730-ecaa-11e6-8f88-34363bc7c4c0": {
                                "create": 600000000000,
                                "delete": 600000000000,
                                "update": 1200000000000
                            }
                        },
                        "tainted": false
                    },
                    "deposed": [],
                    "provider": "provider.linode"
                }
            },
            "depends_on": []
        },
        {
            "path": [
                "root",
                "wg-test3",
                "vm"
            ],
            "outputs": {
                "disk_id": {
                    "sensitive": false,
                    "type": "string",
                    "value": "28085592"
                },
                "ip_address": {
                    "sensitive": false,
                    "type": "string",
                    "value": "139.162.250.65"
                },
                "linode_id": {
                    "sensitive": false,
                    "type": "string",
                    "value": "13473085"
                }
            },
            "resources": {
                "data.template_file.setup": {
                    "type": "template_file",
                    "depends_on": [],
                    "primary": {
                        "id": "ab3e1d2bc1caefb1def213e048fdcab7cdf65a018f48485e00fc5d30a14e94eb",
                        "attributes": {
                            "id": "ab3e1d2bc1caefb1def213e048fdcab7cdf65a018f48485e00fc5d30a14e94eb",
                            "rendered": "#!/usr/bin/env bash\n\nset -euo pipefail\n\nresize2fs /dev/sda\n\nexport DEBIAN_FRONTEND=noninteractive\n\nrm /etc/ssh/ssh_host*\nssh-keygen -A\n\napt update\napt upgrade -y\napt autoremove -y\napt install -y python-pip build-essential python-dev python-virtualenv git vim-nox\n\nsystemctl restart sshd\n\nDEPLOY_DIR=/opt/deploy\n[[ -e \"$DEPLOY_DIR\" ]] \u0026\u0026 rm -rf \"$DEPLOY_DIR\"\ngit clone \"https://github.com/akerl/deploy-wireguard-server\" \"$DEPLOY_DIR\"\n\n(\n    cd \"$DEPLOY_DIR\"\n    virtualenv env\n\n    export PS1=\"\"\n    source env/bin/activate\n    pip install --force-reinstall --no-cache-dir -r requirements.txt\n\n    touch config.cfg\n    ansible-playbook --skip-tags users main.yml\n)\n",
                            "template": "#!/usr/bin/env bash\n\nset -euo pipefail\n\nresize2fs /dev/sda\n\nexport DEBIAN_FRONTEND=noninteractive\n\nrm /etc/ssh/ssh_host*\nssh-keygen -A\n\napt update\napt upgrade -y\napt autoremove -y\napt install -y python-pip build-essential python-dev python-virtualenv git vim-nox\n\nsystemctl restart sshd\n\nDEPLOY_DIR=/opt/deploy\n[[ -e \"$DEPLOY_DIR\" ]] \u0026\u0026 rm -rf \"$DEPLOY_DIR\"\ngit clone \"${deploy_repo}\" \"$DEPLOY_DIR\"\n\n(\n    cd \"$DEPLOY_DIR\"\n    virtualenv env\n\n    export PS1=\"\"\n    source env/bin/activate\n    pip install --force-reinstall --no-cache-dir -r requirements.txt\n\n    touch config.cfg\n    ansible-playbook --skip-tags users main.yml\n)\n",
                            "vars.%": "1",
                            "vars.deploy_repo": "https://github.com/akerl/deploy-wireguard-server"
                        },
                        "meta": {},
                        "tainted": false
                    },
                    "deposed": [],
                    "provider": "provider.template"
                },
                "linode_instance.vpn": {
                    "type": "linode_instance",
                    "depends_on": [
                        "data.template_file.setup"
                    ],
                    "primary": {
                        "id": "13473085",
                        "attributes": {
                            "alerts.#": "1",
                            "alerts.0.cpu": "90",
                            "alerts.0.io": "10000",
                            "alerts.0.network_in": "10",
                            "alerts.0.network_out": "10",
                            "alerts.0.transfer_quota": "80",
                            "backups.#": "1",
                            "boot_config_label": "default",
                            "config.#": "1",
                            "config.0.comments": "",
                            "config.0.devices.#": "1",
                            "config.0.devices.0.sda.#": "1",
                            "config.0.devices.0.sda.0.disk_id": "28085592",
                            "config.0.devices.0.sda.0.disk_label": "root",
                            "config.0.devices.0.sda.0.volume_id": "0",
                            "config.0.devices.0.sdb.#": "0",
                            "config.0.devices.0.sdc.#": "0",
                            "config.0.devices.0.sdd.#": "0",
                            "config.0.devices.0.sde.#": "0",
                            "config.0.devices.0.sdf.#": "0",
                            "config.0.devices.0.sdg.#": "0",
                            "config.0.devices.0.sdh.#": "0",
                            "config.0.helpers.#": "1",
                            "config.0.helpers.0.devtmpfs_automount": "true",
                            "config.0.helpers.0.distro": "true",
                            "config.0.helpers.0.modules_dep": "true",
                            "config.0.helpers.0.network": "true",
                            "config.0.helpers.0.updatedb_disabled": "true",
                            "config.0.kernel": "linode/grub2",
                            "config.0.label": "default",
                            "config.0.memory_limit": "0",
                            "config.0.root_device": "/dev/root",
                            "config.0.run_level": "default",
                            "config.0.virt_mode": "paravirt",
                            "disk.#": "1",
                            "disk.0.authorized_keys.#": "0",
                            "disk.0.authorized_users.#": "0",
                            "disk.0.filesystem": "ext4",
                            "disk.0.id": "28085592",
                            "disk.0.image": "",
                            "disk.0.label": "root",
                            "disk.0.read_only": "false",
                            "disk.0.root_pass": "",
                            "disk.0.size": "10240",
                            "disk.0.stackscript_data.%": "0",
                            "disk.0.stackscript_id": "0",
                            "group": "",
                            "id": "13473085",
                            "ip_address": "139.162.250.65",
                            "ipv4.#": "1",
                            "ipv4.3720214877": "139.162.250.65",
                            "ipv6": "2a01:7e00::f03c:91ff:fea5:ea44/64",
                            "label": "wg-test3-wg",
                            "private_ip": "false",
                            "region": "eu-west",
                            "specs.#": "1",
                            "specs.0.disk": "51200",
                            "specs.0.memory": "2048",
                            "specs.0.transfer": "2000",
                            "specs.0.vcpus": "1",
                            "status": "running",
                            "swap_size": "0",
                            "tags.#": "0",
                            "type": "g6-standard-1",
                            "watchdog_enabled": "true"
                        },
                        "meta": {
                            "e2bfb730-ecaa-11e6-8f88-34363bc7c4c0": {
                                "create": 600000000000,
                                "delete": 600000000000,
                                "update": 1200000000000
                            }
                        },
                        "tainted": false
                    },
                    "deposed": [],
                    "provider": "provider.linode"
                }
            },
            "depends_on": []
        }
    ]
}
