{
    "version": 3,
    "terraform_version": "0.11.8",
    "serial": 35,
    "lineage": "07528e21-04e2-6968-cf48-b8fbadb735a2",
    "modules": [
        {
            "path": [
                "root"
            ],
            "outputs": {},
            "resources": {
                "data.external.ssh_key": {
                    "type": "external",
                    "depends_on": [],
                    "primary": {
                        "id": "-",
                        "attributes": {
                            "id": "-",
                            "program.#": "1",
                            "program.0": "./assets/get_ssh_key.sh",
                            "result.%": "1",
                            "result.public_key": "ssh-ed25519 AAAAC3NzaC1lZDI1NTE5AAAAIPkiSoS5U0Zef2hRKzZ8jk3KIMT5pAiNTMPXf1HzbGZh"
                        },
                        "meta": {},
                        "tainted": false
                    },
                    "deposed": [],
                    "provider": "provider.external"
                }
            },
            "depends_on": []
        },
        {
            "path": [
                "root",
                "image"
            ],
            "outputs": {
                "image_id": {
                    "sensitive": false,
                    "type": "string",
                    "value": "private/4903067"
                }
            },
            "resources": {
                "linode_image.image": {
                    "type": "linode_image",
                    "depends_on": [
                        "module.vm"
                    ],
                    "primary": {
                        "id": "private/4903067",
                        "attributes": {
                            "created": "2018-10-15T20:41:26Z",
                            "created_by": "akerl",
                            "deprecated": "false",
                            "description": "Created by Terraform",
                            "disk_id": "23143285",
                            "id": "private/4903067",
                            "is_public": "false",
                            "label": "algo-image",
                            "linode_id": "10884423",
                            "size": "3441",
                            "type": "manual",
                            "vendor": ""
                        },
                        "meta": {},
                        "tainted": false
                    },
                    "deposed": [],
                    "provider": "provider.linode"
                },
                "random_id.vm_suffix": {
                    "type": "random_id",
                    "depends_on": [],
                    "primary": {
                        "id": "1wWRIkh-4O8",
                        "attributes": {
                            "b64": "1wWRIkh-4O8",
                            "b64_std": "1wWRIkh+4O8=",
                            "b64_url": "1wWRIkh-4O8",
                            "byte_length": "8",
                            "dec": "15493949669469249775",
                            "hex": "d7059122487ee0ef",
                            "id": "1wWRIkh-4O8"
                        },
                        "meta": {},
                        "tainted": false
                    },
                    "deposed": [],
                    "provider": "provider.random"
                }
            },
            "depends_on": []
        },
        {
            "path": [
                "root",
                "image",
                "vm"
            ],
            "outputs": {
                "disk_id": {
                    "sensitive": false,
                    "type": "string",
                    "value": "23143285"
                },
                "ip_address": {
                    "sensitive": false,
                    "type": "string",
                    "value": "172.104.27.193"
                },
                "linode_id": {
                    "sensitive": false,
                    "type": "string",
                    "value": "10884423"
                }
            },
            "resources": {
                "data.template_file.setup": {
                    "type": "template_file",
                    "depends_on": [],
                    "primary": {
                        "id": "8a44830487406f71b0edb07842864ae9b1dcf574943e9a4c9b4341df0be9f658",
                        "attributes": {
                            "id": "8a44830487406f71b0edb07842864ae9b1dcf574943e9a4c9b4341df0be9f658",
                            "rendered": "#!/usr/bin/env bash\n\nset -euo pipefail\n\nexport DEBIAN_FRONTEND=noninteractive\n\nrm /etc/ssh/ssh_host*\nssh-keygen -A\n\napt update\napt upgrade -y\napt install -y ansible python-pip build-essential python-dev python-virtualenv\napt autoremove -y\n\nALGO_DIR=/opt/algo\nif [[ ! -e \"$ALGO_DIR\" ]] ; then\n    git clone \"https://github.com/akerl/algo\" \"$ALGO_DIR\"\nfi\ncd \"$ALGO_DIR\"\n\nif [[ \"$(git remote get-url origin)\" != \"https://github.com/akerl/algo\" ]] ; then\n    echo \"Repo in image is not the expected repo\"\n    exit 1\nfi\n\ngit pull\n[[ ! -e env ]] \u0026\u0026 python -m virtualenv env\nexport PS1=\"\"\nsource env/bin/activate\npip install -r requirements.txt\n",
                            "template": "#!/usr/bin/env bash\n\nset -euo pipefail\n\nexport DEBIAN_FRONTEND=noninteractive\n\nrm /etc/ssh/ssh_host*\nssh-keygen -A\n\napt update\napt upgrade -y\napt install -y ansible python-pip build-essential python-dev python-virtualenv\napt autoremove -y\n\nALGO_DIR=/opt/algo\nif [[ ! -e \"$ALGO_DIR\" ]] ; then\n    git clone \"${algo_repo}\" \"$ALGO_DIR\"\nfi\ncd \"$ALGO_DIR\"\n\nif [[ \"$(git remote get-url origin)\" != \"${algo_repo}\" ]] ; then\n    echo \"Repo in image is not the expected repo\"\n    exit 1\nfi\n\ngit pull\n[[ ! -e env ]] \u0026\u0026 python -m virtualenv env\nexport PS1=\"\"\nsource env/bin/activate\npip install -r requirements.txt\n",
                            "vars.%": "1",
                            "vars.algo_repo": "https://github.com/akerl/algo"
                        },
                        "meta": {},
                        "tainted": false
                    },
                    "deposed": [],
                    "provider": "provider.template"
                },
                "linode_instance.algo": {
                    "type": "linode_instance",
                    "depends_on": [
                        "data.template_file.setup"
                    ],
                    "primary": {
                        "id": "10884423",
                        "attributes": {
                            "alerts.#": "1",
                            "alerts.0.cpu": "90",
                            "alerts.0.io": "10000",
                            "alerts.0.network_in": "10",
                            "alerts.0.network_out": "10",
                            "alerts.0.transfer_quota": "80",
                            "backups.#": "1",
                            "boot_config_label": "default",
                            "config.#": "1",
                            "config.0.comments": "",
                            "config.0.devices.#": "1",
                            "config.0.devices.0.sda.#": "1",
                            "config.0.devices.0.sda.0.disk_id": "23143285",
                            "config.0.devices.0.sda.0.disk_label": "root",
                            "config.0.devices.0.sda.0.volume_id": "0",
                            "config.0.devices.0.sdb.#": "0",
                            "config.0.devices.0.sdc.#": "0",
                            "config.0.devices.0.sdd.#": "0",
                            "config.0.devices.0.sde.#": "0",
                            "config.0.devices.0.sdf.#": "0",
                            "config.0.devices.0.sdg.#": "0",
                            "config.0.devices.0.sdh.#": "0",
                            "config.0.helpers.#": "1",
                            "config.0.helpers.0.devtmpfs_automount": "true",
                            "config.0.helpers.0.distro": "true",
                            "config.0.helpers.0.modules_dep": "true",
                            "config.0.helpers.0.network": "true",
                            "config.0.helpers.0.updatedb_disabled": "true",
                            "config.0.kernel": "linode/grub2",
                            "config.0.label": "default",
                            "config.0.memory_limit": "0",
                            "config.0.root_device": "/dev/root",
                            "config.0.run_level": "default",
                            "config.0.virt_mode": "paravirt",
                            "disk.#": "1",
                            "disk.0.authorized_keys.#": "0",
                            "disk.0.filesystem": "ext4",
                            "disk.0.id": "23143285",
                            "disk.0.image": "",
                            "disk.0.label": "root",
                            "disk.0.read_only": "false",
                            "disk.0.root_pass": "",
                            "disk.0.size": "10240",
                            "disk.0.stackscript_data.%": "0",
                            "disk.0.stackscript_id": "0",
                            "group": "",
                            "id": "10884423",
                            "ip_address": "172.104.27.193",
                            "ipv4.#": "1",
                            "ipv4.2595811250": "172.104.27.193",
                            "ipv6": "2600:3c03::f03c:91ff:fe13:11a1/64",
                            "label": "algo-image_d7059122487ee0ef-algo",
                            "private_ip": "false",
                            "region": "us-east",
                            "specs.#": "1",
                            "specs.0.disk": "51200",
                            "specs.0.memory": "2048",
                            "specs.0.transfer": "2000",
                            "specs.0.vcpus": "1",
                            "status": "running",
                            "swap_size": "0",
                            "type": "g6-standard-1",
                            "watchdog_enabled": "true"
                        },
                        "meta": {},
                        "tainted": false
                    },
                    "deposed": [],
                    "provider": "provider.linode"
                }
            },
            "depends_on": []
        }
    ]
}
