{
    "version": 3,
    "terraform_version": "0.11.13",
    "serial": 45,
    "lineage": "142a6ab7-53ac-02fe-3a43-6930a1c7b8f9",
    "modules": [
        {
            "path": [
                "root"
            ],
            "outputs": {
                "codepad_address": {
                    "sensitive": false,
                    "type": "string",
                    "value": "45.33.89.23"
                },
                "green-vpn-address": {
                    "sensitive": false,
                    "type": "string",
                    "value": "172.104.191.77"
                },
                "pink-vpn-address": {
                    "sensitive": false,
                    "type": "string",
                    "value": "139.162.250.65"
                }
            },
            "resources": {
                "data.external.ssh_keys": {
                    "type": "external",
                    "depends_on": [],
                    "primary": {
                        "id": "-",
                        "attributes": {
                            "id": "-",
                            "program.#": "1",
                            "program.0": "./assets/get_ssh_keys.sh",
                            "result.%": "3",
                            "result.bean": "ssh-ed25519 AAAAC3NzaC1lZDI1NTE5AAAAIPrm9UdL04EOBdgpluugFsai+PMIqF2tNmVH757JHH3I",
                            "result.ela": "ssh-ed25519 AAAAC3NzaC1lZDI1NTE5AAAAIMiMa3L8APp5TkMGWHZgjw/LLvqFQiYLqyIKVSDSrqiN",
                            "result.mazer": "ssh-ed25519 AAAAC3NzaC1lZDI1NTE5AAAAIPkiSoS5U0Zef2hRKzZ8jk3KIMT5pAiNTMPXf1HzbGZh"
                        },
                        "meta": {},
                        "tainted": false
                    },
                    "deposed": [],
                    "provider": "provider.external"
                },
                "data.linode_profile.profile": {
                    "type": "linode_profile",
                    "depends_on": [],
                    "primary": {
                        "id": "770937",
                        "attributes": {
                            "authorized_keys.#": "1",
                            "authorized_keys.0": "ssh-ed25519 AAAAC3NzaC1lZDI1NTE5AAAAIPrm9UdL04EOBdgpluugFsai+PMIqF2tNmVH757JHH3I akerl@bean",
                            "email": "me@lesaker.org",
                            "email_notifications": "true",
                            "id": "770937",
                            "ip_whitelist_enabled": "false",
                            "lish_auth_method": "keys_only",
                            "referrals.#": "1",
                            "referrals.0.code": "f227109176ce87940f3b9697940a0fa0472c4b43",
                            "referrals.0.completed": "0",
                            "referrals.0.credit": "0",
                            "referrals.0.pending": "0",
                            "referrals.0.total": "0",
                            "referrals.0.url": "https://www.linode.com/?r=f227109176ce87940f3b9697940a0fa0472c4b43",
                            "restricted": "false",
                            "timezone": "US/Eastern",
                            "two_factor_auth": "true",
                            "username": "akerl"
                        },
                        "meta": {},
                        "tainted": false
                    },
                    "deposed": [],
                    "provider": "provider.linode"
                },
                "linode_instance.codepad": {
                    "type": "linode_instance",
                    "depends_on": [
                        "data.external.ssh_key"
                    ],
                    "primary": {
                        "id": "12945190",
                        "attributes": {
                            "alerts.#": "1",
                            "alerts.0.cpu": "90",
                            "alerts.0.io": "10000",
                            "alerts.0.network_in": "10",
                            "alerts.0.network_out": "10",
                            "alerts.0.transfer_quota": "80",
                            "backups.#": "1",
                            "boot_config_label": "default",
                            "config.#": "1",
                            "config.0.comments": "",
                            "config.0.devices.#": "1",
                            "config.0.devices.0.sda.#": "1",
                            "config.0.devices.0.sda.0.disk_id": "27043787",
                            "config.0.devices.0.sda.0.disk_label": "root",
                            "config.0.devices.0.sda.0.volume_id": "0",
                            "config.0.devices.0.sdb.#": "0",
                            "config.0.devices.0.sdc.#": "0",
                            "config.0.devices.0.sdd.#": "0",
                            "config.0.devices.0.sde.#": "0",
                            "config.0.devices.0.sdf.#": "0",
                            "config.0.devices.0.sdg.#": "0",
                            "config.0.devices.0.sdh.#": "0",
                            "config.0.helpers.#": "1",
                            "config.0.helpers.0.devtmpfs_automount": "true",
                            "config.0.helpers.0.distro": "true",
                            "config.0.helpers.0.modules_dep": "true",
                            "config.0.helpers.0.network": "true",
                            "config.0.helpers.0.updatedb_disabled": "true",
                            "config.0.kernel": "linode/grub2",
                            "config.0.label": "default",
                            "config.0.memory_limit": "0",
                            "config.0.root_device": "/dev/root",
                            "config.0.run_level": "default",
                            "config.0.virt_mode": "paravirt",
                            "disk.#": "1",
                            "disk.0.authorized_keys.#": "0",
                            "disk.0.authorized_users.#": "0",
                            "disk.0.filesystem": "ext4",
                            "disk.0.id": "27043787",
                            "disk.0.image": "",
                            "disk.0.label": "root",
                            "disk.0.read_only": "false",
                            "disk.0.root_pass": "",
                            "disk.0.size": "102400",
                            "disk.0.stackscript_data.%": "0",
                            "disk.0.stackscript_id": "0",
                            "group": "",
                            "id": "12945190",
                            "ip_address": "45.33.89.23",
                            "ipv4.#": "1",
                            "ipv4.2169884593": "45.33.89.23",
                            "ipv6": "2600:3c03::f03c:91ff:feed:3aac/64",
                            "label": "codepad",
                            "private_ip": "false",
                            "region": "us-east",
                            "specs.#": "1",
                            "specs.0.disk": "163840",
                            "specs.0.memory": "8192",
                            "specs.0.transfer": "5000",
                            "specs.0.vcpus": "4",
                            "status": "running",
                            "swap_size": "0",
                            "tags.#": "0",
                            "type": "g6-standard-4",
                            "watchdog_enabled": "true"
                        },
                        "meta": {
                            "e2bfb730-ecaa-11e6-8f88-34363bc7c4c0": {
                                "create": 600000000000,
                                "delete": 600000000000,
                                "update": 1200000000000
                            }
                        },
                        "tainted": false
                    },
                    "deposed": [],
                    "provider": "provider.linode"
                },
                "linode_sshkey.keys.0": {
                    "type": "linode_sshkey",
                    "depends_on": [
                        "data.external.ssh_keys"
                    ],
                    "primary": {
                        "id": "3138",
                        "attributes": {
                            "created": "2019-04-02T18:52:45Z",
                            "id": "3138",
                            "label": "bean",
                            "ssh_key": "ssh-ed25519 AAAAC3NzaC1lZDI1NTE5AAAAIPrm9UdL04EOBdgpluugFsai+PMIqF2tNmVH757JHH3I"
                        },
                        "meta": {},
                        "tainted": false
                    },
                    "deposed": [],
                    "provider": "provider.linode"
                },
                "linode_sshkey.keys.1": {
                    "type": "linode_sshkey",
                    "depends_on": [
                        "data.external.ssh_keys"
                    ],
                    "primary": {
                        "id": "3139",
                        "attributes": {
                            "created": "2019-04-02T18:52:45Z",
                            "id": "3139",
                            "label": "ela",
                            "ssh_key": "ssh-ed25519 AAAAC3NzaC1lZDI1NTE5AAAAIMiMa3L8APp5TkMGWHZgjw/LLvqFQiYLqyIKVSDSrqiN"
                        },
                        "meta": {},
                        "tainted": false
                    },
                    "deposed": [],
                    "provider": "provider.linode"
                },
                "linode_sshkey.keys.2": {
                    "type": "linode_sshkey",
                    "depends_on": [
                        "data.external.ssh_keys"
                    ],
                    "primary": {
                        "id": "3137",
                        "attributes": {
                            "created": "2019-04-02T18:52:45Z",
                            "id": "3137",
                            "label": "mazer",
                            "ssh_key": "ssh-ed25519 AAAAC3NzaC1lZDI1NTE5AAAAIPkiSoS5U0Zef2hRKzZ8jk3KIMT5pAiNTMPXf1HzbGZh"
                        },
                        "meta": {},
                        "tainted": false
                    },
                    "deposed": [],
                    "provider": "provider.linode"
                }
            },
            "depends_on": []
        },
        {
            "path": [
                "root",
                "green-vpn"
            ],
            "outputs": {
                "ip_address": {
                    "sensitive": false,
                    "type": "string",
                    "value": "172.104.191.77"
                }
            },
            "resources": {
                "data.template_file.config": {
                    "type": "template_file",
                    "depends_on": [
                        "module.vm"
                    ],
                    "primary": {
                        "id": "5c35895085f376d1cf77bd83b3cf7a6677c615c6912ec377961acd5b53dc110a",
                        "attributes": {
                            "id": "5c35895085f376d1cf77bd83b3cf7a6677c615c6912ec377961acd5b53dc110a",
                            "rendered": "users: [\"left\",\"right\",\"up\",\"down\"]\n",
                            "template": "users: ${userlist}\n",
                            "vars.%": "2",
                            "vars.ip_address": "172.104.191.77",
                            "vars.userlist": "[\"left\",\"right\",\"up\",\"down\"]"
                        },
                        "meta": {},
                        "tainted": false
                    },
                    "deposed": [],
                    "provider": "provider.template"
                },
                "null_resource.configuration": {
                    "type": "null_resource",
                    "depends_on": [
                        "data.template_file.config",
                        "module.vm"
                    ],
                    "primary": {
                        "id": "3209523611031746470",
                        "attributes": {
                            "id": "3209523611031746470",
                            "triggers.%": "3",
                            "triggers.content": "users: [\"left\",\"right\",\"up\",\"down\"]\n",
                            "triggers.ip_address": "172.104.191.77",
                            "triggers.linode_id": "13477224"
                        },
                        "meta": {},
                        "tainted": false
                    },
                    "deposed": [],
                    "provider": "provider.null"
                }
            },
            "depends_on": []
        },
        {
            "path": [
                "root",
                "pink-vpn"
            ],
            "outputs": {
                "ip_address": {
                    "sensitive": false,
                    "type": "string",
                    "value": "139.162.250.65"
                }
            },
            "resources": {
                "data.template_file.config": {
                    "type": "template_file",
                    "depends_on": [
                        "module.vm"
                    ],
                    "primary": {
                        "id": "5c35895085f376d1cf77bd83b3cf7a6677c615c6912ec377961acd5b53dc110a",
                        "attributes": {
                            "id": "5c35895085f376d1cf77bd83b3cf7a6677c615c6912ec377961acd5b53dc110a",
                            "rendered": "users: [\"left\",\"right\",\"up\",\"down\"]\n",
                            "template": "users: ${userlist}\n",
                            "vars.%": "2",
                            "vars.ip_address": "139.162.250.65",
                            "vars.userlist": "[\"left\",\"right\",\"up\",\"down\"]"
                        },
                        "meta": {},
                        "tainted": false
                    },
                    "deposed": [],
                    "provider": "provider.template"
                },
                "null_resource.configuration": {
                    "type": "null_resource",
                    "depends_on": [
                        "data.template_file.config",
                        "module.vm"
                    ],
                    "primary": {
                        "id": "3352725263438560391",
                        "attributes": {
                            "id": "3352725263438560391",
                            "triggers.%": "3",
                            "triggers.content": "users: [\"left\",\"right\",\"up\",\"down\"]\n",
                            "triggers.ip_address": "139.162.250.65",
                            "triggers.linode_id": "13477226"
                        },
                        "meta": {},
                        "tainted": false
                    },
                    "deposed": [],
                    "provider": "provider.null"
                }
            },
            "depends_on": []
        },
        {
            "path": [
                "root",
                "red-vpn"
            ],
            "outputs": {},
            "resources": {},
            "depends_on": []
        },
        {
            "path": [
                "root",
                "green-vpn",
                "vm"
            ],
            "outputs": {
                "disk_id": {
                    "sensitive": false,
                    "type": "string",
                    "value": "28094058"
                },
                "ip_address": {
                    "sensitive": false,
                    "type": "string",
                    "value": "172.104.191.77"
                },
                "linode_id": {
                    "sensitive": false,
                    "type": "string",
                    "value": "13477224"
                }
            },
            "resources": {
                "data.template_file.setup": {
                    "type": "template_file",
                    "depends_on": [],
                    "primary": {
                        "id": "ab3e1d2bc1caefb1def213e048fdcab7cdf65a018f48485e00fc5d30a14e94eb",
                        "attributes": {
                            "id": "ab3e1d2bc1caefb1def213e048fdcab7cdf65a018f48485e00fc5d30a14e94eb",
                            "rendered": "#!/usr/bin/env bash\n\nset -euo pipefail\n\nresize2fs /dev/sda\n\nexport DEBIAN_FRONTEND=noninteractive\n\nrm /etc/ssh/ssh_host*\nssh-keygen -A\n\napt update\napt upgrade -y\napt autoremove -y\napt install -y python-pip build-essential python-dev python-virtualenv git vim-nox\n\nsystemctl restart sshd\n\nDEPLOY_DIR=/opt/deploy\n[[ -e \"$DEPLOY_DIR\" ]] \u0026\u0026 rm -rf \"$DEPLOY_DIR\"\ngit clone \"https://github.com/akerl/deploy-wireguard-server\" \"$DEPLOY_DIR\"\n\n(\n    cd \"$DEPLOY_DIR\"\n    virtualenv env\n\n    export PS1=\"\"\n    source env/bin/activate\n    pip install --force-reinstall --no-cache-dir -r requirements.txt\n\n    touch config.cfg\n    ansible-playbook --skip-tags users main.yml\n)\n",
                            "template": "#!/usr/bin/env bash\n\nset -euo pipefail\n\nresize2fs /dev/sda\n\nexport DEBIAN_FRONTEND=noninteractive\n\nrm /etc/ssh/ssh_host*\nssh-keygen -A\n\napt update\napt upgrade -y\napt autoremove -y\napt install -y python-pip build-essential python-dev python-virtualenv git vim-nox\n\nsystemctl restart sshd\n\nDEPLOY_DIR=/opt/deploy\n[[ -e \"$DEPLOY_DIR\" ]] \u0026\u0026 rm -rf \"$DEPLOY_DIR\"\ngit clone \"${deploy_repo}\" \"$DEPLOY_DIR\"\n\n(\n    cd \"$DEPLOY_DIR\"\n    virtualenv env\n\n    export PS1=\"\"\n    source env/bin/activate\n    pip install --force-reinstall --no-cache-dir -r requirements.txt\n\n    touch config.cfg\n    ansible-playbook --skip-tags users main.yml\n)\n",
                            "vars.%": "1",
                            "vars.deploy_repo": "https://github.com/akerl/deploy-wireguard-server"
                        },
                        "meta": {},
                        "tainted": false
                    },
                    "deposed": [],
                    "provider": "provider.template"
                },
                "linode_instance.vpn": {
                    "type": "linode_instance",
                    "depends_on": [
                        "data.template_file.setup"
                    ],
                    "primary": {
                        "id": "13477224",
                        "attributes": {
                            "alerts.#": "1",
                            "alerts.0.cpu": "90",
                            "alerts.0.io": "10000",
                            "alerts.0.network_in": "10",
                            "alerts.0.network_out": "10",
                            "alerts.0.transfer_quota": "80",
                            "backups.#": "1",
                            "boot_config_label": "default",
                            "config.#": "1",
                            "config.0.comments": "",
                            "config.0.devices.#": "1",
                            "config.0.devices.0.sda.#": "1",
                            "config.0.devices.0.sda.0.disk_id": "28094058",
                            "config.0.devices.0.sda.0.disk_label": "root",
                            "config.0.devices.0.sda.0.volume_id": "0",
                            "config.0.devices.0.sdb.#": "0",
                            "config.0.devices.0.sdc.#": "0",
                            "config.0.devices.0.sdd.#": "0",
                            "config.0.devices.0.sde.#": "0",
                            "config.0.devices.0.sdf.#": "0",
                            "config.0.devices.0.sdg.#": "0",
                            "config.0.devices.0.sdh.#": "0",
                            "config.0.helpers.#": "1",
                            "config.0.helpers.0.devtmpfs_automount": "true",
                            "config.0.helpers.0.distro": "true",
                            "config.0.helpers.0.modules_dep": "true",
                            "config.0.helpers.0.network": "true",
                            "config.0.helpers.0.updatedb_disabled": "true",
                            "config.0.kernel": "linode/grub2",
                            "config.0.label": "default",
                            "config.0.memory_limit": "0",
                            "config.0.root_device": "/dev/root",
                            "config.0.run_level": "default",
                            "config.0.virt_mode": "paravirt",
                            "disk.#": "1",
                            "disk.0.authorized_keys.#": "0",
                            "disk.0.authorized_users.#": "0",
                            "disk.0.filesystem": "ext4",
                            "disk.0.id": "28094058",
                            "disk.0.image": "",
                            "disk.0.label": "root",
                            "disk.0.read_only": "false",
                            "disk.0.root_pass": "",
                            "disk.0.size": "10240",
                            "disk.0.stackscript_data.%": "0",
                            "disk.0.stackscript_id": "0",
                            "group": "",
                            "id": "13477224",
                            "ip_address": "172.104.191.77",
                            "ipv4.#": "1",
                            "ipv4.358759371": "172.104.191.77",
                            "ipv6": "2400:8901::f03c:91ff:fea5:ed35/64",
                            "label": "green-wg",
                            "private_ip": "false",
                            "region": "ap-south",
                            "specs.#": "1",
                            "specs.0.disk": "51200",
                            "specs.0.memory": "2048",
                            "specs.0.transfer": "2000",
                            "specs.0.vcpus": "1",
                            "status": "running",
                            "swap_size": "0",
                            "tags.#": "0",
                            "type": "g6-standard-1",
                            "watchdog_enabled": "true"
                        },
                        "meta": {
                            "e2bfb730-ecaa-11e6-8f88-34363bc7c4c0": {
                                "create": 600000000000,
                                "delete": 600000000000,
                                "update": 1200000000000
                            }
                        },
                        "tainted": false
                    },
                    "deposed": [],
                    "provider": "provider.linode"
                }
            },
            "depends_on": []
        },
        {
            "path": [
                "root",
                "pink-vpn",
                "vm"
            ],
            "outputs": {
                "disk_id": {
                    "sensitive": false,
                    "type": "string",
                    "value": "28094068"
                },
                "ip_address": {
                    "sensitive": false,
                    "type": "string",
                    "value": "139.162.250.65"
                },
                "linode_id": {
                    "sensitive": false,
                    "type": "string",
                    "value": "13477226"
                }
            },
            "resources": {
                "data.template_file.setup": {
                    "type": "template_file",
                    "depends_on": [],
                    "primary": {
                        "id": "ab3e1d2bc1caefb1def213e048fdcab7cdf65a018f48485e00fc5d30a14e94eb",
                        "attributes": {
                            "id": "ab3e1d2bc1caefb1def213e048fdcab7cdf65a018f48485e00fc5d30a14e94eb",
                            "rendered": "#!/usr/bin/env bash\n\nset -euo pipefail\n\nresize2fs /dev/sda\n\nexport DEBIAN_FRONTEND=noninteractive\n\nrm /etc/ssh/ssh_host*\nssh-keygen -A\n\napt update\napt upgrade -y\napt autoremove -y\napt install -y python-pip build-essential python-dev python-virtualenv git vim-nox\n\nsystemctl restart sshd\n\nDEPLOY_DIR=/opt/deploy\n[[ -e \"$DEPLOY_DIR\" ]] \u0026\u0026 rm -rf \"$DEPLOY_DIR\"\ngit clone \"https://github.com/akerl/deploy-wireguard-server\" \"$DEPLOY_DIR\"\n\n(\n    cd \"$DEPLOY_DIR\"\n    virtualenv env\n\n    export PS1=\"\"\n    source env/bin/activate\n    pip install --force-reinstall --no-cache-dir -r requirements.txt\n\n    touch config.cfg\n    ansible-playbook --skip-tags users main.yml\n)\n",
                            "template": "#!/usr/bin/env bash\n\nset -euo pipefail\n\nresize2fs /dev/sda\n\nexport DEBIAN_FRONTEND=noninteractive\n\nrm /etc/ssh/ssh_host*\nssh-keygen -A\n\napt update\napt upgrade -y\napt autoremove -y\napt install -y python-pip build-essential python-dev python-virtualenv git vim-nox\n\nsystemctl restart sshd\n\nDEPLOY_DIR=/opt/deploy\n[[ -e \"$DEPLOY_DIR\" ]] \u0026\u0026 rm -rf \"$DEPLOY_DIR\"\ngit clone \"${deploy_repo}\" \"$DEPLOY_DIR\"\n\n(\n    cd \"$DEPLOY_DIR\"\n    virtualenv env\n\n    export PS1=\"\"\n    source env/bin/activate\n    pip install --force-reinstall --no-cache-dir -r requirements.txt\n\n    touch config.cfg\n    ansible-playbook --skip-tags users main.yml\n)\n",
                            "vars.%": "1",
                            "vars.deploy_repo": "https://github.com/akerl/deploy-wireguard-server"
                        },
                        "meta": {},
                        "tainted": false
                    },
                    "deposed": [],
                    "provider": "provider.template"
                },
                "linode_instance.vpn": {
                    "type": "linode_instance",
                    "depends_on": [
                        "data.template_file.setup"
                    ],
                    "primary": {
                        "id": "13477226",
                        "attributes": {
                            "alerts.#": "1",
                            "alerts.0.cpu": "90",
                            "alerts.0.io": "10000",
                            "alerts.0.network_in": "10",
                            "alerts.0.network_out": "10",
                            "alerts.0.transfer_quota": "80",
                            "backups.#": "1",
                            "boot_config_label": "default",
                            "config.#": "1",
                            "config.0.comments": "",
                            "config.0.devices.#": "1",
                            "config.0.devices.0.sda.#": "1",
                            "config.0.devices.0.sda.0.disk_id": "28094068",
                            "config.0.devices.0.sda.0.disk_label": "root",
                            "config.0.devices.0.sda.0.volume_id": "0",
                            "config.0.devices.0.sdb.#": "0",
                            "config.0.devices.0.sdc.#": "0",
                            "config.0.devices.0.sdd.#": "0",
                            "config.0.devices.0.sde.#": "0",
                            "config.0.devices.0.sdf.#": "0",
                            "config.0.devices.0.sdg.#": "0",
                            "config.0.devices.0.sdh.#": "0",
                            "config.0.helpers.#": "1",
                            "config.0.helpers.0.devtmpfs_automount": "true",
                            "config.0.helpers.0.distro": "true",
                            "config.0.helpers.0.modules_dep": "true",
                            "config.0.helpers.0.network": "true",
                            "config.0.helpers.0.updatedb_disabled": "true",
                            "config.0.kernel": "linode/grub2",
                            "config.0.label": "default",
                            "config.0.memory_limit": "0",
                            "config.0.root_device": "/dev/root",
                            "config.0.run_level": "default",
                            "config.0.virt_mode": "paravirt",
                            "disk.#": "1",
                            "disk.0.authorized_keys.#": "0",
                            "disk.0.authorized_users.#": "0",
                            "disk.0.filesystem": "ext4",
                            "disk.0.id": "28094068",
                            "disk.0.image": "",
                            "disk.0.label": "root",
                            "disk.0.read_only": "false",
                            "disk.0.root_pass": "",
                            "disk.0.size": "10240",
                            "disk.0.stackscript_data.%": "0",
                            "disk.0.stackscript_id": "0",
                            "group": "",
                            "id": "13477226",
                            "ip_address": "139.162.250.65",
                            "ipv4.#": "1",
                            "ipv4.3720214877": "139.162.250.65",
                            "ipv6": "2a01:7e00::f03c:91ff:fea5:ed27/64",
                            "label": "pink-wg",
                            "private_ip": "false",
                            "region": "eu-west",
                            "specs.#": "1",
                            "specs.0.disk": "51200",
                            "specs.0.memory": "2048",
                            "specs.0.transfer": "2000",
                            "specs.0.vcpus": "1",
                            "status": "running",
                            "swap_size": "0",
                            "tags.#": "0",
                            "type": "g6-standard-1",
                            "watchdog_enabled": "true"
                        },
                        "meta": {
                            "e2bfb730-ecaa-11e6-8f88-34363bc7c4c0": {
                                "create": 600000000000,
                                "delete": 600000000000,
                                "update": 1200000000000
                            }
                        },
                        "tainted": false
                    },
                    "deposed": [],
                    "provider": "provider.linode"
                }
            },
            "depends_on": []
        },
        {
            "path": [
                "root",
                "red-vpn",
                "vm"
            ],
            "outputs": {},
            "resources": {
                "data.template_file.setup": {
                    "type": "template_file",
                    "depends_on": [],
                    "primary": {
                        "id": "ab3e1d2bc1caefb1def213e048fdcab7cdf65a018f48485e00fc5d30a14e94eb",
                        "attributes": {
                            "id": "ab3e1d2bc1caefb1def213e048fdcab7cdf65a018f48485e00fc5d30a14e94eb",
                            "rendered": "#!/usr/bin/env bash\n\nset -euo pipefail\n\nresize2fs /dev/sda\n\nexport DEBIAN_FRONTEND=noninteractive\n\nrm /etc/ssh/ssh_host*\nssh-keygen -A\n\napt update\napt upgrade -y\napt autoremove -y\napt install -y python-pip build-essential python-dev python-virtualenv git vim-nox\n\nsystemctl restart sshd\n\nDEPLOY_DIR=/opt/deploy\n[[ -e \"$DEPLOY_DIR\" ]] \u0026\u0026 rm -rf \"$DEPLOY_DIR\"\ngit clone \"https://github.com/akerl/deploy-wireguard-server\" \"$DEPLOY_DIR\"\n\n(\n    cd \"$DEPLOY_DIR\"\n    virtualenv env\n\n    export PS1=\"\"\n    source env/bin/activate\n    pip install --force-reinstall --no-cache-dir -r requirements.txt\n\n    touch config.cfg\n    ansible-playbook --skip-tags users main.yml\n)\n",
                            "template": "#!/usr/bin/env bash\n\nset -euo pipefail\n\nresize2fs /dev/sda\n\nexport DEBIAN_FRONTEND=noninteractive\n\nrm /etc/ssh/ssh_host*\nssh-keygen -A\n\napt update\napt upgrade -y\napt autoremove -y\napt install -y python-pip build-essential python-dev python-virtualenv git vim-nox\n\nsystemctl restart sshd\n\nDEPLOY_DIR=/opt/deploy\n[[ -e \"$DEPLOY_DIR\" ]] \u0026\u0026 rm -rf \"$DEPLOY_DIR\"\ngit clone \"${deploy_repo}\" \"$DEPLOY_DIR\"\n\n(\n    cd \"$DEPLOY_DIR\"\n    virtualenv env\n\n    export PS1=\"\"\n    source env/bin/activate\n    pip install --force-reinstall --no-cache-dir -r requirements.txt\n\n    touch config.cfg\n    ansible-playbook --skip-tags users main.yml\n)\n",
                            "vars.%": "1",
                            "vars.deploy_repo": "https://github.com/akerl/deploy-wireguard-server"
                        },
                        "meta": {},
                        "tainted": false
                    },
                    "deposed": [],
                    "provider": "provider.template"
                },
                "linode_instance.vpn": {
                    "type": "linode_instance",
                    "depends_on": [
                        "data.template_file.setup"
                    ],
                    "primary": {
                        "id": "13477387",
                        "attributes": {
                            "alerts.#": "1",
                            "alerts.0.cpu": "90",
                            "alerts.0.io": "10000",
                            "alerts.0.network_in": "10",
                            "alerts.0.network_out": "10",
                            "alerts.0.transfer_quota": "80",
                            "backups.#": "1",
                            "boot_config_label": "default",
                            "config.#": "1",
                            "config.0.comments": "",
                            "config.0.devices.#": "1",
                            "config.0.devices.0.sda.#": "1",
                            "config.0.devices.0.sda.0.disk_id": "28094373",
                            "config.0.devices.0.sda.0.disk_label": "root",
                            "config.0.devices.0.sda.0.volume_id": "0",
                            "config.0.devices.0.sdb.#": "0",
                            "config.0.devices.0.sdc.#": "0",
                            "config.0.devices.0.sdd.#": "0",
                            "config.0.devices.0.sde.#": "0",
                            "config.0.devices.0.sdf.#": "0",
                            "config.0.devices.0.sdg.#": "0",
                            "config.0.devices.0.sdh.#": "0",
                            "config.0.helpers.#": "1",
                            "config.0.helpers.0.devtmpfs_automount": "true",
                            "config.0.helpers.0.distro": "true",
                            "config.0.helpers.0.modules_dep": "true",
                            "config.0.helpers.0.network": "true",
                            "config.0.helpers.0.updatedb_disabled": "true",
                            "config.0.kernel": "linode/grub2",
                            "config.0.label": "default",
                            "config.0.memory_limit": "0",
                            "config.0.root_device": "/dev/root",
                            "config.0.run_level": "default",
                            "config.0.virt_mode": "paravirt",
                            "disk.#": "1",
                            "disk.0.authorized_keys.#": "0",
                            "disk.0.authorized_users.#": "0",
                            "disk.0.filesystem": "ext4",
                            "disk.0.id": "28094373",
                            "disk.0.image": "",
                            "disk.0.label": "root",
                            "disk.0.read_only": "false",
                            "disk.0.root_pass": "",
                            "disk.0.size": "10240",
                            "disk.0.stackscript_data.%": "0",
                            "disk.0.stackscript_id": "0",
                            "group": "",
                            "id": "13477387",
                            "ip_address": "45.33.71.242",
                            "ipv4.#": "1",
                            "ipv4.293113652": "45.33.71.242",
                            "ipv6": "2600:3c03::f03c:91ff:fea5:0eec/64",
                            "label": "red-wg",
                            "private_ip": "false",
                            "region": "us-east",
                            "specs.#": "1",
                            "specs.0.disk": "51200",
                            "specs.0.memory": "2048",
                            "specs.0.transfer": "2000",
                            "specs.0.vcpus": "1",
                            "status": "running",
                            "swap_size": "0",
                            "tags.#": "0",
                            "type": "g6-standard-1",
                            "watchdog_enabled": "true"
                        },
                        "meta": {
                            "e2bfb730-ecaa-11e6-8f88-34363bc7c4c0": {
                                "create": 600000000000,
                                "delete": 600000000000,
                                "update": 1200000000000
                            }
                        },
                        "tainted": true
                    },
                    "deposed": [],
                    "provider": "provider.linode"
                }
            },
            "depends_on": []
        }
    ]
}
